PODS:
  - Crashlytics (3.9.3):
    - Fabric (~> 1.7.2)
  - Fabric (1.7.2)
  - GoogleAnalytics-iOS-SDK (3.12):
    - GoogleAnalytics-iOS-SDK/Core (= 3.12)
  - GoogleAnalytics-iOS-SDK/Core (3.12)
  - ZBarSDK (1.3.1)

DEPENDENCIES:
  - Crashlytics
  - Fabric
  - GoogleAnalytics-iOS-SDK (~> 3.0)
  - ZBarSDK (~> 1.3)

SPEC CHECKSUMS:
  Crashlytics: dbb07d01876c171c5ccbdf7826410380189e452c
  Fabric: 9cd6a848efcf1b8b07497e0b6a2e7d336353ba15
  GoogleAnalytics-iOS-SDK: 13241762fa4aea845eb75bef6c0da3427a26e7b3
  ZBarSDK: 4c1b5daeb7d6cc67dc9355e690af0230a661f6ec

PODFILE CHECKSUM: 9e17ec90a631fbb98793a97442863098d0b0f964

COCOAPODS: 1.3.1
