// !$*UTF8*$!
{
	archiveVersion = 1;
	classes = {
	};
	objectVersion = 46;
	objects = {

/* Begin PBXBuildFile section */
		1D60589F0D05DD5A006BFB54 /* Foundation.framework in Frameworks */ = {isa = PBXBuildFile; fileRef = 1D30AB110D05D00D00671497 /* Foundation.framework */; };
		1DF5F4E00D08C38300B7A737 /* UIKit.framework in Frameworks */ = {isa = PBXBuildFile; fileRef = 1DF5F4DF0D08C38300B7A737 /* UIKit.framework */; };
		2804200B108E984D000629CD /* CategoriesViewController.m in Sources */ = {isa = PBXBuildFile; fileRef = 28042008108E984D000629CD /* CategoriesViewController.m */; };
		2892E4100DC94CBA00A64D0F /* CoreGraphics.framework in Frameworks */ = {isa = PBXBuildFile; fileRef = 2892E40F0DC94CBA00A64D0F /* CoreGraphics.framework */; };
		28AD73600D9D9599002E5188 /* MainWindow-iPad.xib in Resources */ = {isa = PBXBuildFile; fileRef = 28AD735F0D9D9599002E5188 /* MainWindow-iPad.xib */; };
		74A90607FE7B75F9B42BABC0 /* Pods.framework in Frameworks */ = {isa = PBXBuildFile; fileRef = 94340EBC8F9B98554E9BFA8B /* Pods.framework */; settings = {ATTRIBUTES = (Weak, ); }; };
		9C1A1983189735C3003E79F0 /* GuideLib.m in Sources */ = {isa = PBXBuildFile; fileRef = 9C1A1982189735C3003E79F0 /* GuideLib.m */; };
		9C67A6C417E7A9040079C099 /* iFixit-App-Id.plist in Resources */ = {isa = PBXBuildFile; fileRef = 9C67A6C317E7A9040079C099 /* iFixit-App-Id.plist */; };
		9CA4756718CAFEF3005AFE08 /* Utility.swift in Sources */ = {isa = PBXBuildFile; fileRef = 9CA4756618CAFEF3005AFE08 /* Utility.swift */; };
		9CD0B3C218277EED0023EB5F /* AVFoundation.framework in Frameworks */ = {isa = PBXBuildFile; fileRef = 9CD0B3C118277EED0023EB5F /* AVFoundation.framework */; };
		9CD0B3C418277EFF0023EB5F /* CoreMedia.framework in Frameworks */ = {isa = PBXBuildFile; fileRef = 9CD0B3C318277EFF0023EB5F /* CoreMedia.framework */; };
		9CD0B3C618277F120023EB5F /* CoreAudio.framework in Frameworks */ = {isa = PBXBuildFile; fileRef = 9CD0B3C518277F120023EB5F /* CoreAudio.framework */; };
		9CD0B3C818277F260023EB5F /* CoreVideo.framework in Frameworks */ = {isa = PBXBuildFile; fileRef = 9CD0B3C718277F260023EB5F /* CoreVideo.framework */; };
		9CD0B3CA18277F3D0023EB5F /* libiconv.dylib in Frameworks */ = {isa = PBXBuildFile; fileRef = 9CD0B3C918277F3D0023EB5F /* libiconv.dylib */; };
		9CE6783B1837F146001912DF /* SearchCell.m in Sources */ = {isa = PBXBuildFile; fileRef = 9CE6783A1837F146001912DF /* SearchCell.m */; };
		9CE6783D1838706F001912DF /* accustream_intro.css in Resources */ = {isa = PBXBuildFile; fileRef = 9CE6783C1838706F001912DF /* accustream_intro.css */; };
		9CE6783F18387080001912DF /* accustream_step.css in Resources */ = {isa = PBXBuildFile; fileRef = 9CE6783E18387080001912DF /* accustream_step.css */; };
		AB26882217CD5AA6004AC6ED /* OpenSans-Bold.ttf in Resources */ = {isa = PBXBuildFile; fileRef = AB26882017CD5AA6004AC6ED /* OpenSans-Bold.ttf */; };
		AB26882317CD5AA6004AC6ED /* OpenSans-Regular.ttf in Resources */ = {isa = PBXBuildFile; fileRef = AB26882117CD5AA6004AC6ED /* OpenSans-Regular.ttf */; };
		AB324BB0179473680001E29D /* iFixitSplashScreenViewController.swift in Sources */ = {isa = PBXBuildFile; fileRef = AB324BAE179473680001E29D /* iFixitSplashScreenViewController.swift */; };
		AB324BB1179473680001E29D /* iFixitSplashScreenViewController.xib in Resources */ = {isa = PBXBuildFile; fileRef = AB324BAF179473680001E29D /* iFixitSplashScreenViewController.xib */; };
		AB4926A4175FF6200092E4B6 /* category_more_info_ipad.css in Resources */ = {isa = PBXBuildFile; fileRef = AB4926A3175FF6200092E4B6 /* category_more_info_ipad.css */; };
		ABA8FC4A177AA90A000B5E74 /* category_answers.css in Resources */ = {isa = PBXBuildFile; fileRef = ABA8FC49177AA909000B5E74 /* category_answers.css */; };
		ABB84A6A177F591200C58514 /* ListViewController.swift in Sources */ = {isa = PBXBuildFile; fileRef = ABB84A69177F591200C58514 /* ListViewController.swift */; };
		ABDB16C41756AE2D00053573 /* CategoryWebViewController.m in Sources */ = {isa = PBXBuildFile; fileRef = ABDB16C21756AE2C00053573 /* CategoryWebViewController.m */; };
		ABDB16C51756AE2D00053573 /* CategoryWebViewController.xib in Resources */ = {isa = PBXBuildFile; fileRef = ABDB16C31756AE2D00053573 /* CategoryWebViewController.xib */; };
		ABE00C43178BE34F006FD574 /* CategoriesSingleton.m in Sources */ = {isa = PBXBuildFile; fileRef = ABE00C42178BE34F006FD574 /* CategoriesSingleton.m */; };
		ABE38C9A1773B9AC00777F60 /* CategoryTabBarViewController.swift in Sources */ = {isa = PBXBuildFile; fileRef = ABE38C981773B9AC00777F60 /* CategoryTabBarViewController.swift */; };
		ABE38C9B1773B9AC00777F60 /* CategoryTabBarViewController.xib in Resources */ = {isa = PBXBuildFile; fileRef = ABE38C991773B9AC00777F60 /* CategoryTabBarViewController.xib */; };
		ABE472431746E0610002F3D6 /* Localizable.strings in Resources */ = {isa = PBXBuildFile; fileRef = ABE472451746E0610002F3D6 /* Localizable.strings */; };
		ABE51914177B77F400E9555E /* category_more_info_iphone.css in Resources */ = {isa = PBXBuildFile; fileRef = ABE51913177B77F400E9555E /* category_more_info_iphone.css */; };
		C0538CD61BBE9C190031B35D /* LICENSE in Resources */ = {isa = PBXBuildFile; fileRef = C0538CC71BBE9C190031B35D /* LICENSE */; settings = {ASSET_TAGS = (); }; };
		C0538CD81BBE9C190031B35D /* SDImageCache.m in Sources */ = {isa = PBXBuildFile; fileRef = C0538CCA1BBE9C190031B35D /* SDImageCache.m */; settings = {ASSET_TAGS = (); }; };
		C0538CD91BBE9C190031B35D /* SDWebImageDownloader.m in Sources */ = {isa = PBXBuildFile; fileRef = C0538CCD1BBE9C190031B35D /* SDWebImageDownloader.m */; settings = {ASSET_TAGS = (); }; };
		C0538CDA1BBE9C190031B35D /* SDWebImageManager.m in Sources */ = {isa = PBXBuildFile; fileRef = C0538CD01BBE9C190031B35D /* SDWebImageManager.m */; settings = {ASSET_TAGS = (); }; };
		C0538CDB1BBE9C190031B35D /* UIButton+WebCache.m in Sources */ = {isa = PBXBuildFile; fileRef = C0538CD31BBE9C190031B35D /* UIButton+WebCache.m */; settings = {ASSET_TAGS = (); }; };
		C0538CDC1BBE9C190031B35D /* UIImageView+WebCache.m in Sources */ = {isa = PBXBuildFile; fileRef = C0538CD51BBE9C190031B35D /* UIImageView+WebCache.m */; settings = {ASSET_TAGS = (); }; };
		C0538CE01BC011A50031B35D /* Images.xcassets in Resources */ = {isa = PBXBuildFile; fileRef = C0538CDF1BC011A50031B35D /* Images.xcassets */; settings = {ASSET_TAGS = (); }; };
		C0538CE21BC0244A0031B35D /* Default-568h@2x.png in Resources */ = {isa = PBXBuildFile; fileRef = C0538CE11BC0244A0031B35D /* Default-568h@2x.png */; settings = {ASSET_TAGS = (); }; };
		C0538CE41BC028650031B35D /* GuideStepLine.swift in Sources */ = {isa = PBXBuildFile; fileRef = C0538CE31BC028650031B35D /* GuideStepLine.swift */; settings = {ASSET_TAGS = (); }; };
		C0538CE61BC03E000031B35D /* GuideEmbed.swift in Sources */ = {isa = PBXBuildFile; fileRef = C0538CE51BC03E000031B35D /* GuideEmbed.swift */; settings = {ASSET_TAGS = (); }; };
		C0538CE81BC03FE70031B35D /* GuideStep.swift in Sources */ = {isa = PBXBuildFile; fileRef = C0538CE71BC03FE70031B35D /* GuideStep.swift */; settings = {ASSET_TAGS = (); }; };
		C0538CEA1BC043F50031B35D /* GuideVideo.swift in Sources */ = {isa = PBXBuildFile; fileRef = C0538CE91BC043F50031B35D /* GuideVideo.swift */; settings = {ASSET_TAGS = (); }; };
		C0538CEC1BC045510031B35D /* GuideImage.swift in Sources */ = {isa = PBXBuildFile; fileRef = C0538CEB1BC045510031B35D /* GuideImage.swift */; settings = {ASSET_TAGS = (); }; };
		C0538CEE1BC047E00031B35D /* Guide.swift in Sources */ = {isa = PBXBuildFile; fileRef = C0538CED1BC047E00031B35D /* Guide.swift */; settings = {ASSET_TAGS = (); }; };
		C06E55C21BCB393300D5D0C6 /* Main.storyboard in Resources */ = {isa = PBXBuildFile; fileRef = C06E55C01BCB393300D5D0C6 /* Main.storyboard */; settings = {ASSET_TAGS = (); }; };
		C0D569131BBE2C7600B50651 /* iFixitAppDelegate.swift in Sources */ = {isa = PBXBuildFile; fileRef = C0D569121BBE2C7600B50651 /* iFixitAppDelegate.swift */; settings = {ASSET_TAGS = (); }; };
		C10F271A120CE6980027A28D /* iFixitAPI.swift in Sources */ = {isa = PBXBuildFile; fileRef = C10F2719120CE6980027A28D /* iFixitAPI.swift */; };
		C115FC2D12174FA1005D0B77 /* GuideImageViewController.m in Sources */ = {isa = PBXBuildFile; fileRef = C115FC2B12174FA1005D0B77 /* GuideImageViewController.m */; };
		C184D4C61210CDB900953C39 /* GuideViewController.swift in Sources */ = {isa = PBXBuildFile; fileRef = C184D4C41210CDB900953C39 /* GuideViewController.swift */; };
		C184D4C71210CDB900953C39 /* GuideView~ipad.xib in Resources */ = {isa = PBXBuildFile; fileRef = C184D4C51210CDB900953C39 /* GuideView~ipad.xib */; };
		C184D5381210D8CD00953C39 /* GuideIntroViewController.swift in Sources */ = {isa = PBXBuildFile; fileRef = C184D5361210D8CD00953C39 /* GuideIntroViewController.swift */; };
		C184D5391210D8CD00953C39 /* GuideIntroView~ipad.xib in Resources */ = {isa = PBXBuildFile; fileRef = C184D5371210D8CD00953C39 /* GuideIntroView~ipad.xib */; };
		C1C894F7121B447E0036FAFC /* TapDetectingImageView.m in Sources */ = {isa = PBXBuildFile; fileRef = C1C894F6121B447E0036FAFC /* TapDetectingImageView.m */; };
		C1D98150120E09BA00509D18 /* GuideStepViewController.swift in Sources */ = {isa = PBXBuildFile; fileRef = C1D9814E120E09BA00509D18 /* GuideStepViewController.swift */; };
		DA05677B138D976600660C86 /* User.swift in Sources */ = {isa = PBXBuildFile; fileRef = DA05677A138D976600660C86 /* User.swift */; };
		DA0A0C03138B02310027721E /* CFNetwork.framework in Frameworks */ = {isa = PBXBuildFile; fileRef = DA0A0C02138B02310027721E /* CFNetwork.framework */; };
		DA0A0C05138B02370027721E /* SystemConfiguration.framework in Frameworks */ = {isa = PBXBuildFile; fileRef = DA0A0C04138B02370027721E /* SystemConfiguration.framework */; };
		DA0A0C07138B023C0027721E /* MobileCoreServices.framework in Frameworks */ = {isa = PBXBuildFile; fileRef = DA0A0C06138B023C0027721E /* MobileCoreServices.framework */; };
		DA0A0C16138B07DA0027721E /* libxml2.2.dylib in Frameworks */ = {isa = PBXBuildFile; fileRef = DA0A0C15138B07DA0027721E /* libxml2.2.dylib */; };
		DA1977221473009A00CD6305 /* DetailGridViewController.m in Sources */ = {isa = PBXBuildFile; fileRef = DA1977211473009A00CD6305 /* DetailGridViewController.m */; };
		DA2F767012FB87D900683D33 /* Config.m in Sources */ = {isa = PBXBuildFile; fileRef = DA2F766F12FB87D900683D33 /* Config.m */; };
		DA3562AD1477254500683947 /* Ubuntu-BoldItalic.ttf in Resources */ = {isa = PBXBuildFile; fileRef = DA3562AC1477254500683947 /* Ubuntu-BoldItalic.ttf */; };
		DA3DE74C134CF57000AD5050 /* GuideBookmarker.swift in Sources */ = {isa = PBXBuildFile; fileRef = DA3DE74B134CF57000AD5050 /* GuideBookmarker.swift */; };
		DA3E3E3B133C1A8E0070615F /* MainWindow.xib in Resources */ = {isa = PBXBuildFile; fileRef = DA3E3E3A133C1A8E0070615F /* MainWindow.xib */; };
		DA53FA75141368BB00D5388F /* libicucore.dylib in Frameworks */ = {isa = PBXBuildFile; fileRef = DA53FA74141368BB00D5388F /* libicucore.dylib */; };
		DA58CB3414EA17F400A2CBAB /* LoginBackgroundViewController.swift in Sources */ = {isa = PBXBuildFile; fileRef = DA58CB3314EA17F400A2CBAB /* LoginBackgroundViewController.swift */; };
		DA59293813FB253B00504CD3 /* DozukiSplashViewController.m in Sources */ = {isa = PBXBuildFile; fileRef = DA59293613FB253B00504CD3 /* DozukiSplashViewController.m */; };
		DA59293913FB253B00504CD3 /* DozukiSplashView~ipad.xib in Resources */ = {isa = PBXBuildFile; fileRef = DA59293713FB253B00504CD3 /* DozukiSplashView~ipad.xib */; };
		DA59296F13FB28B600504CD3 /* DozukiInfoViewController.m in Sources */ = {isa = PBXBuildFile; fileRef = DA59296D13FB28B600504CD3 /* DozukiInfoViewController.m */; };
		DA59297013FB28B600504CD3 /* DozukiInfoView.xib in Resources */ = {isa = PBXBuildFile; fileRef = DA59296E13FB28B600504CD3 /* DozukiInfoView.xib */; };
		DA59297413FB2ED800504CD3 /* DozukiSelectSiteViewController.m in Sources */ = {isa = PBXBuildFile; fileRef = DA59297213FB2ED800504CD3 /* DozukiSelectSiteViewController.m */; };
		DA59297513FB2ED800504CD3 /* DozukiSelectSiteViewController.xib in Resources */ = {isa = PBXBuildFile; fileRef = DA59297313FB2ED800504CD3 /* DozukiSelectSiteViewController.xib */; };
		DA666AF31360E2A4002B1D62 /* GuideCatchingWebView.m in Sources */ = {isa = PBXBuildFile; fileRef = DA666AF21360E2A4002B1D62 /* GuideCatchingWebView.m */; };
		DA881857134A5AFE004387CE /* BookmarksViewController.m in Sources */ = {isa = PBXBuildFile; fileRef = DA881855134A5AFE004387CE /* BookmarksViewController.m */; };
		DA881858134A5AFE004387CE /* BookmarksView.xib in Resources */ = {isa = PBXBuildFile; fileRef = DA881856134A5AFE004387CE /* BookmarksView.xib */; };
		DA8860E21427DD490030F52C /* SVWebViewController.bundle in Resources */ = {isa = PBXBuildFile; fileRef = DA8860DF1427DD490030F52C /* SVWebViewController.bundle */; };
		DA8860E31427DD490030F52C /* SVWebViewController.m in Sources */ = {isa = PBXBuildFile; fileRef = DA8860E11427DD490030F52C /* SVWebViewController.m */; };
		DA8860E51427DE590030F52C /* MessageUI.framework in Frameworks */ = {isa = PBXBuildFile; fileRef = DA8860E41427DE590030F52C /* MessageUI.framework */; };
		DA8F60061469B29700482D29 /* DMPGridViewCell.m in Sources */ = {isa = PBXBuildFile; fileRef = DA8F60021469B29700482D29 /* DMPGridViewCell.m */; };
		DA8F60071469B29700482D29 /* DMPGridViewController.m in Sources */ = {isa = PBXBuildFile; fileRef = DA8F60041469B29700482D29 /* DMPGridViewController.m */; };
		DA9948AA142AC55D00E4167D /* DozukiSplashView.xib in Resources */ = {isa = PBXBuildFile; fileRef = DA9948A9142AC55D00E4167D /* DozukiSplashView.xib */; };
		DA9B290714E88E650093273B /* SSOViewController.swift in Sources */ = {isa = PBXBuildFile; fileRef = DA9B290614E88E640093273B /* SSOViewController.swift */; };
		DAA750881368DA87002AA546 /* WBFont.mm in Sources */ = {isa = PBXBuildFile; fileRef = DAA750801368DA87002AA546 /* WBFont.mm */; };
		DAA750891368DA87002AA546 /* WBProgressHUD.mm in Sources */ = {isa = PBXBuildFile; fileRef = DAA750831368DA87002AA546 /* WBProgressHUD.mm */; };
		DAA7508A1368DA87002AA546 /* WBView.mm in Sources */ = {isa = PBXBuildFile; fileRef = DAA750851368DA87002AA546 /* WBView.mm */; };
		DAA7508B1368DA87002AA546 /* WBViewRect.mm in Sources */ = {isa = PBXBuildFile; fileRef = DAA750871368DA87002AA546 /* WBViewRect.mm */; };
		DAAAC7481433E03B00CB90AF /* libsqlite3.dylib in Frameworks */ = {isa = PBXBuildFile; fileRef = DAAAC7471433E03B00CB90AF /* libsqlite3.dylib */; };
		DAAAC74A1433F43C00CB90AF /* GuideStepViewController~ipad.xib in Resources */ = {isa = PBXBuildFile; fileRef = DAAAC7491433F43C00CB90AF /* GuideStepViewController~ipad.xib */; };
		DAAAC74D1433F49300CB90AF /* CategoriesViewController.xib in Resources */ = {isa = PBXBuildFile; fileRef = DAAAC74B1433F49000CB90AF /* CategoriesViewController.xib */; };
		DAAED15914686A2D00C476C1 /* FeaturedViewController.m in Sources */ = {isa = PBXBuildFile; fileRef = DAAED15714686A2D00C476C1 /* FeaturedViewController.m */; };
		DAAED15E1468710C00C476C1 /* PastFeaturesViewController.swift in Sources */ = {isa = PBXBuildFile; fileRef = DAAED15D1468710C00C476C1 /* PastFeaturesViewController.swift */; };
		DAB26972146C96A2000D3A7A /* Ubuntu-Italic.ttf in Resources */ = {isa = PBXBuildFile; fileRef = DAB26971146C96A2000D3A7A /* Ubuntu-Italic.ttf */; };
		DAB9343A137228AD00B6AA9A /* LoginViewController.swift in Sources */ = {isa = PBXBuildFile; fileRef = DAB93439137228AD00B6AA9A /* LoginViewController.swift */; };
		DABE9CF513C54D2200B778FE /* GuideView.xib in Resources */ = {isa = PBXBuildFile; fileRef = DABE9CF413C54D2200B778FE /* GuideView.xib */; };
		DABE9CF713C5519800B778FE /* GuideIntroViewController.xib in Resources */ = {isa = PBXBuildFile; fileRef = DABE9CF613C5519800B778FE /* GuideIntroViewController.xib */; };
		DAC0C1A3146B3F6F00EF42DC /* QuartzCore.framework in Frameworks */ = {isa = PBXBuildFile; fileRef = DAC0C1A2146B3F6F00EF42DC /* QuartzCore.framework */; };
		DAC0C1A7146B49AA00EF42DC /* Lobster.ttf in Resources */ = {isa = PBXBuildFile; fileRef = DAC0C1A6146B49AA00EF42DC /* Lobster.ttf */; };
		DACD8FD714DDD7B80020A06C /* OpenIDViewController.swift in Sources */ = {isa = PBXBuildFile; fileRef = DACD8FD614DDD7B80020A06C /* OpenIDViewController.swift */; };
		DACE44711353CE3700F78360 /* ifixit_intro.css in Resources */ = {isa = PBXBuildFile; fileRef = DACE446D1353CE3700F78360 /* ifixit_intro.css */; };
		DACE44721353CE3700F78360 /* ifixit_step.css in Resources */ = {isa = PBXBuildFile; fileRef = DACE446E1353CE3700F78360 /* ifixit_step.css */; };
		DACE44731353CE3700F78360 /* make_intro.css in Resources */ = {isa = PBXBuildFile; fileRef = DACE446F1353CE3700F78360 /* make_intro.css */; };
		DACE44741353CE3700F78360 /* make_step.css in Resources */ = {isa = PBXBuildFile; fileRef = DACE44701353CE3700F78360 /* make_step.css */; };
		DACE7FF2165722710013FFFD /* GuideStepViewController.xib in Resources */ = {isa = PBXBuildFile; fileRef = DACE7FF1165722710013FFFD /* GuideStepViewController.xib */; };
		DACE7FFB16572C710013FFFD /* MediaPlayer.framework in Frameworks */ = {isa = PBXBuildFile; fileRef = DACE7FFA16572C710013FFFD /* MediaPlayer.framework */; };
		DAE4242113C3DE6C00F20EEE /* libz.dylib in Frameworks */ = {isa = PBXBuildFile; fileRef = DAE4242013C3DE6C00F20EEE /* libz.dylib */; };
		DAF0C6D3134E62BF003B4DF6 /* GuideBookmarks.swift in Sources */ = {isa = PBXBuildFile; fileRef = DAF0C6D2134E62BF003B4DF6 /* GuideBookmarks.swift */; };
		DAF3AF571422897900913238 /* iPhoneDeviceViewController.swift in Sources */ = {isa = PBXBuildFile; fileRef = DAF3AF551422897900913238 /* iPhoneDeviceViewController.swift */; };
		DAF3AF581422897900913238 /* iPhoneDeviceViewController.xib in Resources */ = {isa = PBXBuildFile; fileRef = DAF3AF561422897900913238 /* iPhoneDeviceViewController.xib */; };
		DAF3AF621422AF4800913238 /* GuideCell.m in Sources */ = {isa = PBXBuildFile; fileRef = DAF3AF611422AF4800913238 /* GuideCell.m */; };
/* End PBXBuildFile section */

/* Begin PBXFileReference section */
		1D30AB110D05D00D00671497 /* Foundation.framework */ = {isa = PBXFileReference; lastKnownFileType = wrapper.framework; name = Foundation.framework; path = System/Library/Frameworks/Foundation.framework; sourceTree = SDKROOT; };
		1D6058910D05DD3D006BFB54 /* iFixit.app */ = {isa = PBXFileReference; explicitFileType = wrapper.application; includeInIndex = 0; path = iFixit.app; sourceTree = BUILT_PRODUCTS_DIR; };
		1DF5F4DF0D08C38300B7A737 /* UIKit.framework */ = {isa = PBXFileReference; lastKnownFileType = wrapper.framework; name = UIKit.framework; path = System/Library/Frameworks/UIKit.framework; sourceTree = SDKROOT; };
		28042007108E984D000629CD /* CategoriesViewController.h */ = {isa = PBXFileReference; fileEncoding = 4; lastKnownFileType = sourcecode.c.h; path = CategoriesViewController.h; sourceTree = "<group>"; };
		28042008108E984D000629CD /* CategoriesViewController.m */ = {isa = PBXFileReference; fileEncoding = 4; lastKnownFileType = sourcecode.c.objc; lineEnding = 0; path = CategoriesViewController.m; sourceTree = "<group>"; xcLanguageSpecificationIdentifier = xcode.lang.objc; };
		2892E40F0DC94CBA00A64D0F /* CoreGraphics.framework */ = {isa = PBXFileReference; lastKnownFileType = wrapper.framework; name = CoreGraphics.framework; path = System/Library/Frameworks/CoreGraphics.framework; sourceTree = SDKROOT; };
		28A0AAE50D9B0CCF005BE974 /* iFixit_Prefix.pch */ = {isa = PBXFileReference; fileEncoding = 4; lastKnownFileType = sourcecode.c.h; path = iFixit_Prefix.pch; sourceTree = "<group>"; };
		28AD735F0D9D9599002E5188 /* MainWindow-iPad.xib */ = {isa = PBXFileReference; lastKnownFileType = file.xib; path = "MainWindow-iPad.xib"; sourceTree = "<group>"; };
		8D1107310486CEB800E47090 /* iFixit-Info.plist */ = {isa = PBXFileReference; fileEncoding = 4; lastKnownFileType = text.plist.xml; path = "iFixit-Info.plist"; plistStructureDefinitionIdentifier = "com.apple.xcode.plist.structure-definition.iphone.info-plist"; sourceTree = "<group>"; };
		94340EBC8F9B98554E9BFA8B /* Pods.framework */ = {isa = PBXFileReference; explicitFileType = wrapper.framework; includeInIndex = 0; path = Pods.framework; sourceTree = BUILT_PRODUCTS_DIR; };
		957C51BCFD710BB69E045663 /* Pods.release.xcconfig */ = {isa = PBXFileReference; includeInIndex = 1; lastKnownFileType = text.xcconfig; name = Pods.release.xcconfig; path = "Pods/Target Support Files/Pods/Pods.release.xcconfig"; sourceTree = "<group>"; };
		9C1A1981189735C3003E79F0 /* GuideLib.h */ = {isa = PBXFileReference; fileEncoding = 4; lastKnownFileType = sourcecode.c.h; path = GuideLib.h; sourceTree = "<group>"; };
		9C1A1982189735C3003E79F0 /* GuideLib.m */ = {isa = PBXFileReference; fileEncoding = 4; lastKnownFileType = sourcecode.c.objc; path = GuideLib.m; sourceTree = "<group>"; };
		9C67A6C317E7A9040079C099 /* iFixit-App-Id.plist */ = {isa = PBXFileReference; fileEncoding = 4; lastKnownFileType = text.plist.xml; path = "iFixit-App-Id.plist"; sourceTree = "<group>"; };
		9CA4756618CAFEF3005AFE08 /* Utility.swift */ = {isa = PBXFileReference; fileEncoding = 4; lastKnownFileType = sourcecode.swift; path = Utility.swift; sourceTree = "<group>"; };
		9CD0B3C118277EED0023EB5F /* AVFoundation.framework */ = {isa = PBXFileReference; lastKnownFileType = wrapper.framework; name = AVFoundation.framework; path = System/Library/Frameworks/AVFoundation.framework; sourceTree = SDKROOT; };
		9CD0B3C318277EFF0023EB5F /* CoreMedia.framework */ = {isa = PBXFileReference; lastKnownFileType = wrapper.framework; name = CoreMedia.framework; path = System/Library/Frameworks/CoreMedia.framework; sourceTree = SDKROOT; };
		9CD0B3C518277F120023EB5F /* CoreAudio.framework */ = {isa = PBXFileReference; lastKnownFileType = wrapper.framework; name = CoreAudio.framework; path = System/Library/Frameworks/CoreAudio.framework; sourceTree = SDKROOT; };
		9CD0B3C718277F260023EB5F /* CoreVideo.framework */ = {isa = PBXFileReference; lastKnownFileType = wrapper.framework; name = CoreVideo.framework; path = System/Library/Frameworks/CoreVideo.framework; sourceTree = SDKROOT; };
		9CD0B3C918277F3D0023EB5F /* libiconv.dylib */ = {isa = PBXFileReference; lastKnownFileType = "compiled.mach-o.dylib"; name = libiconv.dylib; path = usr/lib/libiconv.dylib; sourceTree = SDKROOT; };
		9CE0D44F19DB0DE900292462 /* libPods-GoogleAnalytics-iOS-SDK.a */ = {isa = PBXFileReference; lastKnownFileType = archive.ar; name = "libPods-GoogleAnalytics-iOS-SDK.a"; path = "Pods/build/Debug-iphoneos/libPods-GoogleAnalytics-iOS-SDK.a"; sourceTree = "<group>"; };
		9CE0D45319DB191B00292462 /* libGoogleAnalyticsServices.a */ = {isa = PBXFileReference; lastKnownFileType = archive.ar; name = libGoogleAnalyticsServices.a; path = "Pods/GoogleAnalytics-iOS-SDK/libGoogleAnalyticsServices.a"; sourceTree = "<group>"; };
		9CE678391837F146001912DF /* SearchCell.h */ = {isa = PBXFileReference; fileEncoding = 4; lastKnownFileType = sourcecode.c.h; path = SearchCell.h; sourceTree = "<group>"; };
		9CE6783A1837F146001912DF /* SearchCell.m */ = {isa = PBXFileReference; fileEncoding = 4; lastKnownFileType = sourcecode.c.objc; path = SearchCell.m; sourceTree = "<group>"; };
		9CE6783C1838706F001912DF /* accustream_intro.css */ = {isa = PBXFileReference; fileEncoding = 4; lastKnownFileType = text.css; path = accustream_intro.css; sourceTree = "<group>"; };
		9CE6783E18387080001912DF /* accustream_step.css */ = {isa = PBXFileReference; fileEncoding = 4; lastKnownFileType = text.css; path = accustream_step.css; sourceTree = "<group>"; };
		AB26882017CD5AA6004AC6ED /* OpenSans-Bold.ttf */ = {isa = PBXFileReference; lastKnownFileType = file; path = "OpenSans-Bold.ttf"; sourceTree = "<group>"; };
		AB26882117CD5AA6004AC6ED /* OpenSans-Regular.ttf */ = {isa = PBXFileReference; lastKnownFileType = file; path = "OpenSans-Regular.ttf"; sourceTree = "<group>"; };
		AB324BAD179473670001E29D /* iFixitSplashScreenViewController.h */ = {isa = PBXFileReference; fileEncoding = 4; lastKnownFileType = sourcecode.c.h; name = iFixitSplashScreenViewController.h; path = ../iFixitSplashScreenViewController.h; sourceTree = "<group>"; };
		AB324BAE179473680001E29D /* iFixitSplashScreenViewController.swift */ = {isa = PBXFileReference; fileEncoding = 4; lastKnownFileType = sourcecode.swift; name = iFixitSplashScreenViewController.swift; path = ../iFixitSplashScreenViewController.swift; sourceTree = "<group>"; };
		AB324BAF179473680001E29D /* iFixitSplashScreenViewController.xib */ = {isa = PBXFileReference; fileEncoding = 4; lastKnownFileType = file.xib; name = iFixitSplashScreenViewController.xib; path = ../iFixitSplashScreenViewController.xib; sourceTree = "<group>"; };
		AB4926A3175FF6200092E4B6 /* category_more_info_ipad.css */ = {isa = PBXFileReference; fileEncoding = 4; lastKnownFileType = text.css; path = category_more_info_ipad.css; sourceTree = "<group>"; };
		AB8805EA1750459300CD5281 /* de */ = {isa = PBXFileReference; lastKnownFileType = text.plist.strings; name = de; path = de.lproj/Localizable.strings; sourceTree = "<group>"; };
		AB8805EB1750459800CD5281 /* es */ = {isa = PBXFileReference; lastKnownFileType = text.plist.strings; name = es; path = es.lproj/Localizable.strings; sourceTree = "<group>"; };
		ABA8FC49177AA909000B5E74 /* category_answers.css */ = {isa = PBXFileReference; fileEncoding = 4; lastKnownFileType = text.css; path = category_answers.css; sourceTree = "<group>"; };
		ABB84A69177F591200C58514 /* ListViewController.swift */ = {isa = PBXFileReference; fileEncoding = 4; lastKnownFileType = sourcecode.swift; path = ListViewController.swift; sourceTree = "<group>"; };
		ABDB16C11756AE2C00053573 /* CategoryWebViewController.h */ = {isa = PBXFileReference; fileEncoding = 4; lastKnownFileType = sourcecode.c.h; path = CategoryWebViewController.h; sourceTree = "<group>"; };
		ABDB16C21756AE2C00053573 /* CategoryWebViewController.m */ = {isa = PBXFileReference; fileEncoding = 4; lastKnownFileType = sourcecode.c.objc; path = CategoryWebViewController.m; sourceTree = "<group>"; };
		ABDB16C31756AE2D00053573 /* CategoryWebViewController.xib */ = {isa = PBXFileReference; fileEncoding = 4; lastKnownFileType = file.xib; path = CategoryWebViewController.xib; sourceTree = "<group>"; };
		ABE00C41178BE34F006FD574 /* CategoriesSingleton.h */ = {isa = PBXFileReference; fileEncoding = 4; lastKnownFileType = sourcecode.c.h; name = CategoriesSingleton.h; path = ../CategoriesSingleton.h; sourceTree = "<group>"; };
		ABE00C42178BE34F006FD574 /* CategoriesSingleton.m */ = {isa = PBXFileReference; fileEncoding = 4; lastKnownFileType = sourcecode.c.objc; name = CategoriesSingleton.m; path = ../CategoriesSingleton.m; sourceTree = "<group>"; };
		ABE38C981773B9AC00777F60 /* CategoryTabBarViewController.swift */ = {isa = PBXFileReference; fileEncoding = 4; lastKnownFileType = sourcecode.swift; name = CategoryTabBarViewController.swift; path = ../CategoryTabBarViewController.swift; sourceTree = "<group>"; };
		ABE38C991773B9AC00777F60 /* CategoryTabBarViewController.xib */ = {isa = PBXFileReference; fileEncoding = 4; lastKnownFileType = file.xib; name = CategoryTabBarViewController.xib; path = ../CategoryTabBarViewController.xib; sourceTree = "<group>"; };
		ABE472441746E0610002F3D6 /* en */ = {isa = PBXFileReference; lastKnownFileType = text.plist.strings; name = en; path = en.lproj/Localizable.strings; sourceTree = "<group>"; };
		ABE472461746E0750002F3D6 /* fr */ = {isa = PBXFileReference; lastKnownFileType = text.plist.strings; name = fr; path = fr.lproj/Localizable.strings; sourceTree = "<group>"; };
		ABE51913177B77F400E9555E /* category_more_info_iphone.css */ = {isa = PBXFileReference; fileEncoding = 4; lastKnownFileType = text.css; path = category_more_info_iphone.css; sourceTree = "<group>"; };
		BF0DDDCD8B0CEA836EDBD8B0 /* Pods.debug.xcconfig */ = {isa = PBXFileReference; includeInIndex = 1; lastKnownFileType = text.xcconfig; name = Pods.debug.xcconfig; path = "Pods/Target Support Files/Pods/Pods.debug.xcconfig"; sourceTree = "<group>"; };
		C0538CC71BBE9C190031B35D /* LICENSE */ = {isa = PBXFileReference; fileEncoding = 4; lastKnownFileType = text; path = LICENSE; sourceTree = "<group>"; };
		C0538CC81BBE9C190031B35D /* README.md */ = {isa = PBXFileReference; fileEncoding = 4; lastKnownFileType = net.daringfireball.markdown; path = README.md; sourceTree = "<group>"; };
		C0538CC91BBE9C190031B35D /* SDImageCache.h */ = {isa = PBXFileReference; fileEncoding = 4; lastKnownFileType = sourcecode.c.h; path = SDImageCache.h; sourceTree = "<group>"; };
		C0538CCA1BBE9C190031B35D /* SDImageCache.m */ = {isa = PBXFileReference; fileEncoding = 4; lastKnownFileType = sourcecode.c.objc; path = SDImageCache.m; sourceTree = "<group>"; };
		C0538CCB1BBE9C190031B35D /* SDImageCacheDelegate.h */ = {isa = PBXFileReference; fileEncoding = 4; lastKnownFileType = sourcecode.c.h; path = SDImageCacheDelegate.h; sourceTree = "<group>"; };
		C0538CCC1BBE9C190031B35D /* SDWebImageDownloader.h */ = {isa = PBXFileReference; fileEncoding = 4; lastKnownFileType = sourcecode.c.h; path = SDWebImageDownloader.h; sourceTree = "<group>"; };
		C0538CCD1BBE9C190031B35D /* SDWebImageDownloader.m */ = {isa = PBXFileReference; fileEncoding = 4; lastKnownFileType = sourcecode.c.objc; path = SDWebImageDownloader.m; sourceTree = "<group>"; };
		C0538CCE1BBE9C190031B35D /* SDWebImageDownloaderDelegate.h */ = {isa = PBXFileReference; fileEncoding = 4; lastKnownFileType = sourcecode.c.h; path = SDWebImageDownloaderDelegate.h; sourceTree = "<group>"; };
		C0538CCF1BBE9C190031B35D /* SDWebImageManager.h */ = {isa = PBXFileReference; fileEncoding = 4; lastKnownFileType = sourcecode.c.h; path = SDWebImageManager.h; sourceTree = "<group>"; };
		C0538CD01BBE9C190031B35D /* SDWebImageManager.m */ = {isa = PBXFileReference; fileEncoding = 4; lastKnownFileType = sourcecode.c.objc; path = SDWebImageManager.m; sourceTree = "<group>"; };
		C0538CD11BBE9C190031B35D /* SDWebImageManagerDelegate.h */ = {isa = PBXFileReference; fileEncoding = 4; lastKnownFileType = sourcecode.c.h; path = SDWebImageManagerDelegate.h; sourceTree = "<group>"; };
		C0538CD21BBE9C190031B35D /* UIButton+WebCache.h */ = {isa = PBXFileReference; fileEncoding = 4; lastKnownFileType = sourcecode.c.h; path = "UIButton+WebCache.h"; sourceTree = "<group>"; };
		C0538CD31BBE9C190031B35D /* UIButton+WebCache.m */ = {isa = PBXFileReference; fileEncoding = 4; lastKnownFileType = sourcecode.c.objc; path = "UIButton+WebCache.m"; sourceTree = "<group>"; };
		C0538CD41BBE9C190031B35D /* UIImageView+WebCache.h */ = {isa = PBXFileReference; fileEncoding = 4; lastKnownFileType = sourcecode.c.h; path = "UIImageView+WebCache.h"; sourceTree = "<group>"; };
		C0538CD51BBE9C190031B35D /* UIImageView+WebCache.m */ = {isa = PBXFileReference; fileEncoding = 4; lastKnownFileType = sourcecode.c.objc; path = "UIImageView+WebCache.m"; sourceTree = "<group>"; };
		C0538CDF1BC011A50031B35D /* Images.xcassets */ = {isa = PBXFileReference; lastKnownFileType = folder.assetcatalog; path = Images.xcassets; sourceTree = "<group>"; };
		C0538CE11BC0244A0031B35D /* Default-568h@2x.png */ = {isa = PBXFileReference; lastKnownFileType = image.png; name = "Default-568h@2x.png"; path = "Images.xcassets/LaunchImage.launchimage/Default-568h@2x.png"; sourceTree = "<group>"; };
		C0538CE31BC028650031B35D /* GuideStepLine.swift */ = {isa = PBXFileReference; fileEncoding = 4; lastKnownFileType = sourcecode.swift; path = GuideStepLine.swift; sourceTree = "<group>"; };
		C0538CE51BC03E000031B35D /* GuideEmbed.swift */ = {isa = PBXFileReference; fileEncoding = 4; lastKnownFileType = sourcecode.swift; path = GuideEmbed.swift; sourceTree = "<group>"; };
		C0538CE71BC03FE70031B35D /* GuideStep.swift */ = {isa = PBXFileReference; fileEncoding = 4; lastKnownFileType = sourcecode.swift; path = GuideStep.swift; sourceTree = "<group>"; };
		C0538CE91BC043F50031B35D /* GuideVideo.swift */ = {isa = PBXFileReference; fileEncoding = 4; lastKnownFileType = sourcecode.swift; path = GuideVideo.swift; sourceTree = "<group>"; };
		C0538CEB1BC045510031B35D /* GuideImage.swift */ = {isa = PBXFileReference; fileEncoding = 4; lastKnownFileType = sourcecode.swift; path = GuideImage.swift; sourceTree = "<group>"; };
		C0538CED1BC047E00031B35D /* Guide.swift */ = {isa = PBXFileReference; fileEncoding = 4; lastKnownFileType = sourcecode.swift; path = Guide.swift; sourceTree = "<group>"; };
		C06E55C11BCB393300D5D0C6 /* Base */ = {isa = PBXFileReference; lastKnownFileType = file.storyboard; name = Base; path = Base.lproj/Main.storyboard; sourceTree = "<group>"; };
		C0D569111BBE2C7600B50651 /* iFixit-Bridging-Header.h */ = {isa = PBXFileReference; lastKnownFileType = sourcecode.c.h; name = "iFixit-Bridging-Header.h"; path = "Classes/iFixit-Bridging-Header.h"; sourceTree = "<group>"; };
		C0D569121BBE2C7600B50651 /* iFixitAppDelegate.swift */ = {isa = PBXFileReference; fileEncoding = 4; lastKnownFileType = sourcecode.swift; name = iFixitAppDelegate.swift; path = Classes/iFixitAppDelegate.swift; sourceTree = "<group>"; };
		C10E3EB1120E369E008CE3AE /* Entitlements.plist */ = {isa = PBXFileReference; fileEncoding = 4; lastKnownFileType = text.plist.xml; path = Entitlements.plist; sourceTree = "<group>"; };
		C10F2719120CE6980027A28D /* iFixitAPI.swift */ = {isa = PBXFileReference; fileEncoding = 4; lastKnownFileType = sourcecode.swift; path = iFixitAPI.swift; sourceTree = "<group>"; };
		C115FC2A12174FA1005D0B77 /* GuideImageViewController.h */ = {isa = PBXFileReference; fileEncoding = 4; lastKnownFileType = sourcecode.c.h; path = GuideImageViewController.h; sourceTree = "<group>"; };
		C115FC2B12174FA1005D0B77 /* GuideImageViewController.m */ = {isa = PBXFileReference; fileEncoding = 4; lastKnownFileType = sourcecode.c.objc; path = GuideImageViewController.m; sourceTree = "<group>"; };
		C184D4C41210CDB900953C39 /* GuideViewController.swift */ = {isa = PBXFileReference; fileEncoding = 4; lastKnownFileType = sourcecode.swift; path = GuideViewController.swift; sourceTree = "<group>"; };
		C184D4C51210CDB900953C39 /* GuideView~ipad.xib */ = {isa = PBXFileReference; lastKnownFileType = file.xib; path = "GuideView~ipad.xib"; sourceTree = "<group>"; };
		C184D5361210D8CD00953C39 /* GuideIntroViewController.swift */ = {isa = PBXFileReference; fileEncoding = 4; lastKnownFileType = sourcecode.swift; path = GuideIntroViewController.swift; sourceTree = "<group>"; };
		C184D5371210D8CD00953C39 /* GuideIntroView~ipad.xib */ = {isa = PBXFileReference; lastKnownFileType = file.xib; path = "GuideIntroView~ipad.xib"; sourceTree = "<group>"; };
		C1C894F5121B447E0036FAFC /* TapDetectingImageView.h */ = {isa = PBXFileReference; fileEncoding = 4; lastKnownFileType = sourcecode.c.h; path = TapDetectingImageView.h; sourceTree = "<group>"; };
		C1C894F6121B447E0036FAFC /* TapDetectingImageView.m */ = {isa = PBXFileReference; fileEncoding = 4; lastKnownFileType = sourcecode.c.objc; path = TapDetectingImageView.m; sourceTree = "<group>"; };
		C1D9814E120E09BA00509D18 /* GuideStepViewController.swift */ = {isa = PBXFileReference; fileEncoding = 4; lastKnownFileType = sourcecode.swift; lineEnding = 0; path = GuideStepViewController.swift; sourceTree = "<group>"; xcLanguageSpecificationIdentifier = xcode.lang.objc; };
		DA05677A138D976600660C86 /* User.swift */ = {isa = PBXFileReference; fileEncoding = 4; lastKnownFileType = sourcecode.swift; path = User.swift; sourceTree = "<group>"; };
		DA0A0C02138B02310027721E /* CFNetwork.framework */ = {isa = PBXFileReference; lastKnownFileType = wrapper.framework; name = CFNetwork.framework; path = System/Library/Frameworks/CFNetwork.framework; sourceTree = SDKROOT; };
		DA0A0C04138B02370027721E /* SystemConfiguration.framework */ = {isa = PBXFileReference; lastKnownFileType = wrapper.framework; name = SystemConfiguration.framework; path = System/Library/Frameworks/SystemConfiguration.framework; sourceTree = SDKROOT; };
		DA0A0C06138B023C0027721E /* MobileCoreServices.framework */ = {isa = PBXFileReference; lastKnownFileType = wrapper.framework; name = MobileCoreServices.framework; path = System/Library/Frameworks/MobileCoreServices.framework; sourceTree = SDKROOT; };
		DA0A0C15138B07DA0027721E /* libxml2.2.dylib */ = {isa = PBXFileReference; lastKnownFileType = "compiled.mach-o.dylib"; name = libxml2.2.dylib; path = usr/lib/libxml2.2.dylib; sourceTree = SDKROOT; };
		DA1977201473009A00CD6305 /* DetailGridViewController.h */ = {isa = PBXFileReference; fileEncoding = 4; lastKnownFileType = sourcecode.c.h; path = DetailGridViewController.h; sourceTree = "<group>"; };
		DA1977211473009A00CD6305 /* DetailGridViewController.m */ = {isa = PBXFileReference; fileEncoding = 4; lastKnownFileType = sourcecode.c.objc; path = DetailGridViewController.m; sourceTree = "<group>"; };
		DA2F766E12FB87D900683D33 /* Config.h */ = {isa = PBXFileReference; fileEncoding = 4; lastKnownFileType = sourcecode.c.h; path = Config.h; sourceTree = "<group>"; };
		DA2F766F12FB87D900683D33 /* Config.m */ = {isa = PBXFileReference; fileEncoding = 4; lastKnownFileType = sourcecode.c.objc; path = Config.m; sourceTree = "<group>"; };
		DA3562AC1477254500683947 /* Ubuntu-BoldItalic.ttf */ = {isa = PBXFileReference; lastKnownFileType = file; path = "Ubuntu-BoldItalic.ttf"; sourceTree = "<group>"; };
		DA38111B147AE2C000BBFB9C /* DetailGridViewControllerDelegate.h */ = {isa = PBXFileReference; fileEncoding = 4; lastKnownFileType = sourcecode.c.h; path = DetailGridViewControllerDelegate.h; sourceTree = "<group>"; };
		DA3DE74B134CF57000AD5050 /* GuideBookmarker.swift */ = {isa = PBXFileReference; fileEncoding = 4; lastKnownFileType = sourcecode.swift; path = GuideBookmarker.swift; sourceTree = "<group>"; };
		DA3E3E3A133C1A8E0070615F /* MainWindow.xib */ = {isa = PBXFileReference; fileEncoding = 4; lastKnownFileType = file.xib; path = MainWindow.xib; sourceTree = "<group>"; };
		DA53FA74141368BB00D5388F /* libicucore.dylib */ = {isa = PBXFileReference; lastKnownFileType = "compiled.mach-o.dylib"; name = libicucore.dylib; path = usr/lib/libicucore.dylib; sourceTree = SDKROOT; };
		DA58CB3314EA17F400A2CBAB /* LoginBackgroundViewController.swift */ = {isa = PBXFileReference; fileEncoding = 4; lastKnownFileType = sourcecode.swift; path = LoginBackgroundViewController.swift; sourceTree = "<group>"; };
		DA59293513FB253B00504CD3 /* DozukiSplashViewController.h */ = {isa = PBXFileReference; fileEncoding = 4; lastKnownFileType = sourcecode.c.h; path = DozukiSplashViewController.h; sourceTree = "<group>"; };
		DA59293613FB253B00504CD3 /* DozukiSplashViewController.m */ = {isa = PBXFileReference; fileEncoding = 4; lastKnownFileType = sourcecode.c.objc; path = DozukiSplashViewController.m; sourceTree = "<group>"; };
		DA59293713FB253B00504CD3 /* DozukiSplashView~ipad.xib */ = {isa = PBXFileReference; fileEncoding = 4; lastKnownFileType = file.xib; path = "DozukiSplashView~ipad.xib"; sourceTree = "<group>"; };
		DA59296C13FB28B600504CD3 /* DozukiInfoViewController.h */ = {isa = PBXFileReference; fileEncoding = 4; lastKnownFileType = sourcecode.c.h; path = DozukiInfoViewController.h; sourceTree = "<group>"; };
		DA59296D13FB28B600504CD3 /* DozukiInfoViewController.m */ = {isa = PBXFileReference; fileEncoding = 4; lastKnownFileType = sourcecode.c.objc; path = DozukiInfoViewController.m; sourceTree = "<group>"; };
		DA59296E13FB28B600504CD3 /* DozukiInfoView.xib */ = {isa = PBXFileReference; fileEncoding = 4; lastKnownFileType = file.xib; path = DozukiInfoView.xib; sourceTree = "<group>"; };
		DA59297113FB2ED800504CD3 /* DozukiSelectSiteViewController.h */ = {isa = PBXFileReference; fileEncoding = 4; lastKnownFileType = sourcecode.c.h; path = DozukiSelectSiteViewController.h; sourceTree = "<group>"; };
		DA59297213FB2ED800504CD3 /* DozukiSelectSiteViewController.m */ = {isa = PBXFileReference; fileEncoding = 4; lastKnownFileType = sourcecode.c.objc; path = DozukiSelectSiteViewController.m; sourceTree = "<group>"; };
		DA59297313FB2ED800504CD3 /* DozukiSelectSiteViewController.xib */ = {isa = PBXFileReference; fileEncoding = 4; lastKnownFileType = file.xib; path = DozukiSelectSiteViewController.xib; sourceTree = "<group>"; };
		DA666AF11360E2A4002B1D62 /* GuideCatchingWebView.h */ = {isa = PBXFileReference; fileEncoding = 4; lastKnownFileType = sourcecode.c.h; path = GuideCatchingWebView.h; sourceTree = "<group>"; };
		DA666AF21360E2A4002B1D62 /* GuideCatchingWebView.m */ = {isa = PBXFileReference; fileEncoding = 4; lastKnownFileType = sourcecode.c.objc; path = GuideCatchingWebView.m; sourceTree = "<group>"; };
		DA881854134A5AFE004387CE /* BookmarksViewController.h */ = {isa = PBXFileReference; fileEncoding = 4; lastKnownFileType = sourcecode.c.h; path = BookmarksViewController.h; sourceTree = "<group>"; };
		DA881855134A5AFE004387CE /* BookmarksViewController.m */ = {isa = PBXFileReference; fileEncoding = 4; lastKnownFileType = sourcecode.c.objc; path = BookmarksViewController.m; sourceTree = "<group>"; };
		DA881856134A5AFE004387CE /* BookmarksView.xib */ = {isa = PBXFileReference; fileEncoding = 4; lastKnownFileType = file.xib; path = BookmarksView.xib; sourceTree = "<group>"; };
		DA8860DF1427DD490030F52C /* SVWebViewController.bundle */ = {isa = PBXFileReference; lastKnownFileType = "wrapper.plug-in"; path = SVWebViewController.bundle; sourceTree = "<group>"; };
		DA8860E01427DD490030F52C /* SVWebViewController.h */ = {isa = PBXFileReference; fileEncoding = 4; lastKnownFileType = sourcecode.c.h; path = SVWebViewController.h; sourceTree = "<group>"; };
		DA8860E11427DD490030F52C /* SVWebViewController.m */ = {isa = PBXFileReference; fileEncoding = 4; lastKnownFileType = sourcecode.c.objc; path = SVWebViewController.m; sourceTree = "<group>"; };
		DA8860E41427DE590030F52C /* MessageUI.framework */ = {isa = PBXFileReference; lastKnownFileType = wrapper.framework; name = MessageUI.framework; path = System/Library/Frameworks/MessageUI.framework; sourceTree = SDKROOT; };
		DA8F60011469B29700482D29 /* DMPGridViewCell.h */ = {isa = PBXFileReference; fileEncoding = 4; lastKnownFileType = sourcecode.c.h; name = DMPGridViewCell.h; path = GridViewController/DMPGridViewCell.h; sourceTree = "<group>"; };
		DA8F60021469B29700482D29 /* DMPGridViewCell.m */ = {isa = PBXFileReference; fileEncoding = 4; lastKnownFileType = sourcecode.c.objc; name = DMPGridViewCell.m; path = GridViewController/DMPGridViewCell.m; sourceTree = "<group>"; };
		DA8F60031469B29700482D29 /* DMPGridViewController.h */ = {isa = PBXFileReference; fileEncoding = 4; lastKnownFileType = sourcecode.c.h; name = DMPGridViewController.h; path = GridViewController/DMPGridViewController.h; sourceTree = "<group>"; };
		DA8F60041469B29700482D29 /* DMPGridViewController.m */ = {isa = PBXFileReference; fileEncoding = 4; lastKnownFileType = sourcecode.c.objc; lineEnding = 0; name = DMPGridViewController.m; path = GridViewController/DMPGridViewController.m; sourceTree = "<group>"; xcLanguageSpecificationIdentifier = xcode.lang.objc; };
		DA8F60051469B29700482D29 /* DMPGridViewDelegate.h */ = {isa = PBXFileReference; fileEncoding = 4; lastKnownFileType = sourcecode.c.h; name = DMPGridViewDelegate.h; path = GridViewController/DMPGridViewDelegate.h; sourceTree = "<group>"; };
		DA8F60081469F8E600482D29 /* PastFeaturesViewDelegate.h */ = {isa = PBXFileReference; fileEncoding = 4; lastKnownFileType = sourcecode.c.h; path = PastFeaturesViewDelegate.h; sourceTree = "<group>"; };
		DA9948A9142AC55D00E4167D /* DozukiSplashView.xib */ = {isa = PBXFileReference; fileEncoding = 4; lastKnownFileType = file.xib; path = DozukiSplashView.xib; sourceTree = "<group>"; };
		DA9B290614E88E640093273B /* SSOViewController.swift */ = {isa = PBXFileReference; fileEncoding = 4; lastKnownFileType = sourcecode.swift; path = SSOViewController.swift; sourceTree = "<group>"; };
		DAA7507F1368DA87002AA546 /* WBFont.h */ = {isa = PBXFileReference; fileEncoding = 4; lastKnownFileType = sourcecode.c.h; path = WBFont.h; sourceTree = "<group>"; };
		DAA750801368DA87002AA546 /* WBFont.mm */ = {isa = PBXFileReference; fileEncoding = 4; lastKnownFileType = sourcecode.cpp.objcpp; path = WBFont.mm; sourceTree = "<group>"; };
		DAA750811368DA87002AA546 /* WBGeometry.h */ = {isa = PBXFileReference; fileEncoding = 4; lastKnownFileType = sourcecode.c.h; path = WBGeometry.h; sourceTree = "<group>"; };
		DAA750821368DA87002AA546 /* WBProgressHUD.h */ = {isa = PBXFileReference; fileEncoding = 4; lastKnownFileType = sourcecode.c.h; path = WBProgressHUD.h; sourceTree = "<group>"; };
		DAA750831368DA87002AA546 /* WBProgressHUD.mm */ = {isa = PBXFileReference; fileEncoding = 4; lastKnownFileType = sourcecode.cpp.objcpp; path = WBProgressHUD.mm; sourceTree = "<group>"; };
		DAA750841368DA87002AA546 /* WBView.h */ = {isa = PBXFileReference; fileEncoding = 4; lastKnownFileType = sourcecode.c.h; path = WBView.h; sourceTree = "<group>"; };
		DAA750851368DA87002AA546 /* WBView.mm */ = {isa = PBXFileReference; fileEncoding = 4; lastKnownFileType = sourcecode.cpp.objcpp; path = WBView.mm; sourceTree = "<group>"; };
		DAA750861368DA87002AA546 /* WBViewRect.h */ = {isa = PBXFileReference; fileEncoding = 4; lastKnownFileType = sourcecode.c.h; path = WBViewRect.h; sourceTree = "<group>"; };
		DAA750871368DA87002AA546 /* WBViewRect.mm */ = {isa = PBXFileReference; fileEncoding = 4; lastKnownFileType = sourcecode.cpp.objcpp; path = WBViewRect.mm; sourceTree = "<group>"; };
		DAAAC7471433E03B00CB90AF /* libsqlite3.dylib */ = {isa = PBXFileReference; lastKnownFileType = "compiled.mach-o.dylib"; name = libsqlite3.dylib; path = usr/lib/libsqlite3.dylib; sourceTree = SDKROOT; };
		DAAAC7491433F43C00CB90AF /* GuideStepViewController~ipad.xib */ = {isa = PBXFileReference; fileEncoding = 4; lastKnownFileType = file.xib; path = "GuideStepViewController~ipad.xib"; sourceTree = "<group>"; };
		DAAAC74B1433F49000CB90AF /* CategoriesViewController.xib */ = {isa = PBXFileReference; fileEncoding = 4; lastKnownFileType = file.xib; path = CategoriesViewController.xib; sourceTree = "<group>"; };
		DAAED15614686A2D00C476C1 /* FeaturedViewController.h */ = {isa = PBXFileReference; fileEncoding = 4; lastKnownFileType = sourcecode.c.h; path = FeaturedViewController.h; sourceTree = "<group>"; };
		DAAED15714686A2D00C476C1 /* FeaturedViewController.m */ = {isa = PBXFileReference; fileEncoding = 4; lastKnownFileType = sourcecode.c.objc; path = FeaturedViewController.m; sourceTree = "<group>"; };
		DAAED15D1468710C00C476C1 /* PastFeaturesViewController.swift */ = {isa = PBXFileReference; fileEncoding = 4; lastKnownFileType = sourcecode.swift; path = PastFeaturesViewController.swift; sourceTree = "<group>"; };
		DAB26971146C96A2000D3A7A /* Ubuntu-Italic.ttf */ = {isa = PBXFileReference; lastKnownFileType = file; path = "Ubuntu-Italic.ttf"; sourceTree = "<group>"; };
		DAB93439137228AD00B6AA9A /* LoginViewController.swift */ = {isa = PBXFileReference; fileEncoding = 4; lastKnownFileType = sourcecode.swift; path = LoginViewController.swift; sourceTree = "<group>"; };
		DABE9CF413C54D2200B778FE /* GuideView.xib */ = {isa = PBXFileReference; fileEncoding = 4; lastKnownFileType = file.xib; path = GuideView.xib; sourceTree = "<group>"; };
		DABE9CF613C5519800B778FE /* GuideIntroViewController.xib */ = {isa = PBXFileReference; fileEncoding = 4; lastKnownFileType = file.xib; path = GuideIntroViewController.xib; sourceTree = "<group>"; };
		DAC0C1A2146B3F6F00EF42DC /* QuartzCore.framework */ = {isa = PBXFileReference; lastKnownFileType = wrapper.framework; name = QuartzCore.framework; path = System/Library/Frameworks/QuartzCore.framework; sourceTree = SDKROOT; };
		DAC0C1A6146B49AA00EF42DC /* Lobster.ttf */ = {isa = PBXFileReference; lastKnownFileType = file; path = Lobster.ttf; sourceTree = "<group>"; };
		DACD8FD614DDD7B80020A06C /* OpenIDViewController.swift */ = {isa = PBXFileReference; fileEncoding = 4; lastKnownFileType = sourcecode.swift; path = OpenIDViewController.swift; sourceTree = "<group>"; };
		DACE446D1353CE3700F78360 /* ifixit_intro.css */ = {isa = PBXFileReference; fileEncoding = 4; lastKnownFileType = text.css; path = ifixit_intro.css; sourceTree = "<group>"; };
		DACE446E1353CE3700F78360 /* ifixit_step.css */ = {isa = PBXFileReference; fileEncoding = 4; lastKnownFileType = text.css; path = ifixit_step.css; sourceTree = "<group>"; };
		DACE446F1353CE3700F78360 /* make_intro.css */ = {isa = PBXFileReference; fileEncoding = 4; lastKnownFileType = text.css; path = make_intro.css; sourceTree = "<group>"; };
		DACE44701353CE3700F78360 /* make_step.css */ = {isa = PBXFileReference; fileEncoding = 4; lastKnownFileType = text.css; path = make_step.css; sourceTree = "<group>"; };
		DACE7FF1165722710013FFFD /* GuideStepViewController.xib */ = {isa = PBXFileReference; fileEncoding = 4; lastKnownFileType = file.xib; path = GuideStepViewController.xib; sourceTree = "<group>"; };
		DACE7FFA16572C710013FFFD /* MediaPlayer.framework */ = {isa = PBXFileReference; lastKnownFileType = wrapper.framework; name = MediaPlayer.framework; path = System/Library/Frameworks/MediaPlayer.framework; sourceTree = SDKROOT; };
		DAD77267138EAC4F00D107B8 /* LoginViewControllerDelegate.h */ = {isa = PBXFileReference; fileEncoding = 4; lastKnownFileType = sourcecode.c.h; path = LoginViewControllerDelegate.h; sourceTree = "<group>"; };
		DAE4242013C3DE6C00F20EEE /* libz.dylib */ = {isa = PBXFileReference; lastKnownFileType = "compiled.mach-o.dylib"; name = libz.dylib; path = usr/lib/libz.dylib; sourceTree = SDKROOT; };
		DAF0C6D2134E62BF003B4DF6 /* GuideBookmarks.swift */ = {isa = PBXFileReference; fileEncoding = 4; lastKnownFileType = sourcecode.swift; path = GuideBookmarks.swift; sourceTree = "<group>"; };
		DAF3AF551422897900913238 /* iPhoneDeviceViewController.swift */ = {isa = PBXFileReference; fileEncoding = 4; lastKnownFileType = sourcecode.swift; lineEnding = 0; path = iPhoneDeviceViewController.swift; sourceTree = "<group>"; xcLanguageSpecificationIdentifier = xcode.lang.objc; };
		DAF3AF561422897900913238 /* iPhoneDeviceViewController.xib */ = {isa = PBXFileReference; fileEncoding = 4; lastKnownFileType = file.xib; path = iPhoneDeviceViewController.xib; sourceTree = "<group>"; };
		DAF3AF601422AF4800913238 /* GuideCell.h */ = {isa = PBXFileReference; fileEncoding = 4; lastKnownFileType = sourcecode.c.h; path = GuideCell.h; sourceTree = "<group>"; };
		DAF3AF611422AF4800913238 /* GuideCell.m */ = {isa = PBXFileReference; fileEncoding = 4; lastKnownFileType = sourcecode.c.objc; path = GuideCell.m; sourceTree = "<group>"; };
		E353F8DB6E6C89DA7ADE25F5 /* Pods.ad-hoc.xcconfig */ = {isa = PBXFileReference; includeInIndex = 1; lastKnownFileType = text.xcconfig; name = "Pods.ad-hoc.xcconfig"; path = "Pods/Target Support Files/Pods/Pods.ad-hoc.xcconfig"; sourceTree = "<group>"; };
/* End PBXFileReference section */

/* Begin PBXFrameworksBuildPhase section */
		1D60588F0D05DD3D006BFB54 /* Frameworks */ = {
			isa = PBXFrameworksBuildPhase;
			buildActionMask = 2147483647;
			files = (
				9CD0B3CA18277F3D0023EB5F /* libiconv.dylib in Frameworks */,
				9CD0B3C818277F260023EB5F /* CoreVideo.framework in Frameworks */,
				9CD0B3C618277F120023EB5F /* CoreAudio.framework in Frameworks */,
				9CD0B3C418277EFF0023EB5F /* CoreMedia.framework in Frameworks */,
				9CD0B3C218277EED0023EB5F /* AVFoundation.framework in Frameworks */,
				DACE7FFB16572C710013FFFD /* MediaPlayer.framework in Frameworks */,
				DAC0C1A3146B3F6F00EF42DC /* QuartzCore.framework in Frameworks */,
				DAAAC7481433E03B00CB90AF /* libsqlite3.dylib in Frameworks */,
				DA8860E51427DE590030F52C /* MessageUI.framework in Frameworks */,
				DA0A0C16138B07DA0027721E /* libxml2.2.dylib in Frameworks */,
				DA0A0C07138B023C0027721E /* MobileCoreServices.framework in Frameworks */,
				DA0A0C05138B02370027721E /* SystemConfiguration.framework in Frameworks */,
				DA0A0C03138B02310027721E /* CFNetwork.framework in Frameworks */,
				1D60589F0D05DD5A006BFB54 /* Foundation.framework in Frameworks */,
				1DF5F4E00D08C38300B7A737 /* UIKit.framework in Frameworks */,
				2892E4100DC94CBA00A64D0F /* CoreGraphics.framework in Frameworks */,
				DAE4242113C3DE6C00F20EEE /* libz.dylib in Frameworks */,
				DA53FA75141368BB00D5388F /* libicucore.dylib in Frameworks */,
				74A90607FE7B75F9B42BABC0 /* Pods.framework in Frameworks */,
			);
			runOnlyForDeploymentPostprocessing = 0;
		};
/* End PBXFrameworksBuildPhase section */

/* Begin PBXGroup section */
		080E96DDFE201D6D7F000001 /* Classes */ = {
			isa = PBXGroup;
			children = (
				AB324BDD1794CA280001E29D /* iFixitSplash */,
				DAC88AD51427E10B00D33C00 /* Packages */,
				C10F2767120CF1830027A28D /* Net */,
				C10F270F120CE5820027A28D /* Objects */,
				C1C89684121B5CCD0036FAFC /* Guide View */,
				C1C894F9121B44FA0036FAFC /* Image View */,
				DA59293413FB250800504CD3 /* Dozuki */,
				DAF3AF511422881B00913238 /* Navigation */,
				DACD8FD414DDD7970020A06C /* Login */,
				DA881854134A5AFE004387CE /* BookmarksViewController.h */,
				DA881855134A5AFE004387CE /* BookmarksViewController.m */,
				DA881856134A5AFE004387CE /* BookmarksView.xib */,
				DA1977201473009A00CD6305 /* DetailGridViewController.h */,
				DA1977211473009A00CD6305 /* DetailGridViewController.m */,
				DA38111B147AE2C000BBFB9C /* DetailGridViewControllerDelegate.h */,
			);
			path = Classes;
			sourceTree = "<group>";
		};
		19C28FACFE9D520D11CA2CBB /* Products */ = {
			isa = PBXGroup;
			children = (
				1D6058910D05DD3D006BFB54 /* iFixit.app */,
			);
			name = Products;
			sourceTree = "<group>";
		};
		29B97314FDCFA39411CA2CEA /* CustomTemplate */ = {
			isa = PBXGroup;
			children = (
				C0D569121BBE2C7600B50651 /* iFixitAppDelegate.swift */,
				9C1A1981189735C3003E79F0 /* GuideLib.h */,
				9C1A1982189735C3003E79F0 /* GuideLib.m */,
				080E96DDFE201D6D7F000001 /* Classes */,
				C0538CDF1BC011A50031B35D /* Images.xcassets */,
				29B97315FDCFA39411CA2CEA /* Other Sources */,
				29B97317FDCFA39411CA2CEA /* Resources */,
				29B97323FDCFA39411CA2CEA /* Frameworks */,
				19C28FACFE9D520D11CA2CBB /* Products */,
				704C0F241F92FB830DB883DE /* Pods */,
			);
			name = CustomTemplate;
			sourceTree = "<group>";
		};
		29B97315FDCFA39411CA2CEA /* Other Sources */ = {
			isa = PBXGroup;
			children = (
				C0538CE11BC0244A0031B35D /* Default-568h@2x.png */,
				9C67A6C317E7A9040079C099 /* iFixit-App-Id.plist */,
				AB26882017CD5AA6004AC6ED /* OpenSans-Bold.ttf */,
				AB26882117CD5AA6004AC6ED /* OpenSans-Regular.ttf */,
				DAC0C1A6146B49AA00EF42DC /* Lobster.ttf */,
				DA3562AC1477254500683947 /* Ubuntu-BoldItalic.ttf */,
				DAB26971146C96A2000D3A7A /* Ubuntu-Italic.ttf */,
				C0D569111BBE2C7600B50651 /* iFixit-Bridging-Header.h */,
				28A0AAE50D9B0CCF005BE974 /* iFixit_Prefix.pch */,
				C10E3EB1120E369E008CE3AE /* Entitlements.plist */,
			);
			name = "Other Sources";
			sourceTree = "<group>";
		};
		29B97317FDCFA39411CA2CEA /* Resources */ = {
			isa = PBXGroup;
			children = (
				C06E55C01BCB393300D5D0C6 /* Main.storyboard */,
				ABE472451746E0610002F3D6 /* Localizable.strings */,
				DACE446C1353CE3700F78360 /* css */,
				28AD735F0D9D9599002E5188 /* MainWindow-iPad.xib */,
				DA3E3E3A133C1A8E0070615F /* MainWindow.xib */,
				8D1107310486CEB800E47090 /* iFixit-Info.plist */,
			);
			name = Resources;
			sourceTree = "<group>";
		};
		29B97323FDCFA39411CA2CEA /* Frameworks */ = {
			isa = PBXGroup;
			children = (
				9CE0D45319DB191B00292462 /* libGoogleAnalyticsServices.a */,
				9CE0D44F19DB0DE900292462 /* libPods-GoogleAnalytics-iOS-SDK.a */,
				9CD0B3C918277F3D0023EB5F /* libiconv.dylib */,
				9CD0B3C718277F260023EB5F /* CoreVideo.framework */,
				9CD0B3C518277F120023EB5F /* CoreAudio.framework */,
				9CD0B3C318277EFF0023EB5F /* CoreMedia.framework */,
				9CD0B3C118277EED0023EB5F /* AVFoundation.framework */,
				DACE7FFA16572C710013FFFD /* MediaPlayer.framework */,
				DAC0C1A2146B3F6F00EF42DC /* QuartzCore.framework */,
				DA8860E41427DE590030F52C /* MessageUI.framework */,
				1DF5F4DF0D08C38300B7A737 /* UIKit.framework */,
				1D30AB110D05D00D00671497 /* Foundation.framework */,
				2892E40F0DC94CBA00A64D0F /* CoreGraphics.framework */,
				DA0A0C06138B023C0027721E /* MobileCoreServices.framework */,
				DA0A0C04138B02370027721E /* SystemConfiguration.framework */,
				DA0A0C02138B02310027721E /* CFNetwork.framework */,
				DA53FA74141368BB00D5388F /* libicucore.dylib */,
				DAAAC7471433E03B00CB90AF /* libsqlite3.dylib */,
				DAE4242013C3DE6C00F20EEE /* libz.dylib */,
				DA0A0C15138B07DA0027721E /* libxml2.2.dylib */,
				94340EBC8F9B98554E9BFA8B /* Pods.framework */,
			);
			name = Frameworks;
			sourceTree = "<group>";
		};
		704C0F241F92FB830DB883DE /* Pods */ = {
			isa = PBXGroup;
			children = (
				BF0DDDCD8B0CEA836EDBD8B0 /* Pods.debug.xcconfig */,
				E353F8DB6E6C89DA7ADE25F5 /* Pods.ad-hoc.xcconfig */,
				957C51BCFD710BB69E045663 /* Pods.release.xcconfig */,
			);
			name = Pods;
			sourceTree = "<group>";
		};
		AB324BDD1794CA280001E29D /* iFixitSplash */ = {
			isa = PBXGroup;
			children = (
				AB324BAD179473670001E29D /* iFixitSplashScreenViewController.h */,
				AB324BAE179473680001E29D /* iFixitSplashScreenViewController.swift */,
				AB324BAF179473680001E29D /* iFixitSplashScreenViewController.xib */,
			);
			name = iFixitSplash;
			sourceTree = "<group>";
		};
		C0538CC61BBE9C190031B35D /* SDWebImage */ = {
			isa = PBXGroup;
			children = (
				C0538CC71BBE9C190031B35D /* LICENSE */,
				C0538CC81BBE9C190031B35D /* README.md */,
				C0538CC91BBE9C190031B35D /* SDImageCache.h */,
				C0538CCA1BBE9C190031B35D /* SDImageCache.m */,
				C0538CCB1BBE9C190031B35D /* SDImageCacheDelegate.h */,
				C0538CCC1BBE9C190031B35D /* SDWebImageDownloader.h */,
				C0538CCD1BBE9C190031B35D /* SDWebImageDownloader.m */,
				C0538CCE1BBE9C190031B35D /* SDWebImageDownloaderDelegate.h */,
				C0538CCF1BBE9C190031B35D /* SDWebImageManager.h */,
				C0538CD01BBE9C190031B35D /* SDWebImageManager.m */,
				C0538CD11BBE9C190031B35D /* SDWebImageManagerDelegate.h */,
				C0538CD21BBE9C190031B35D /* UIButton+WebCache.h */,
				C0538CD31BBE9C190031B35D /* UIButton+WebCache.m */,
				C0538CD41BBE9C190031B35D /* UIImageView+WebCache.h */,
				C0538CD51BBE9C190031B35D /* UIImageView+WebCache.m */,
			);
			path = SDWebImage;
			sourceTree = "<group>";
		};
		C10F270F120CE5820027A28D /* Objects */ = {
			isa = PBXGroup;
			children = (
				9CA4756618CAFEF3005AFE08 /* Utility.swift */,
				ABE00C41178BE34F006FD574 /* CategoriesSingleton.h */,
				ABE00C42178BE34F006FD574 /* CategoriesSingleton.m */,
				DACE7FF6165728010013FFFD /* Media Types */,
				C0538CED1BC047E00031B35D /* Guide.swift */,
				C0538CE71BC03FE70031B35D /* GuideStep.swift */,
				C0538CE31BC028650031B35D /* GuideStepLine.swift */,
				DAF0C6D2134E62BF003B4DF6 /* GuideBookmarks.swift */,
				DAAED15B146870E800C476C1 /* Featured Collections */,
				DA2F766E12FB87D900683D33 /* Config.h */,
				DA2F766F12FB87D900683D33 /* Config.m */,
				DA05677A138D976600660C86 /* User.swift */,
			);
			name = Objects;
			sourceTree = "<group>";
		};
		C10F2767120CF1830027A28D /* Net */ = {
			isa = PBXGroup;
			children = (
				C10F2719120CE6980027A28D /* iFixitAPI.swift */,
			);
			name = Net;
			sourceTree = "<group>";
		};
		C1C894F9121B44FA0036FAFC /* Image View */ = {
			isa = PBXGroup;
			children = (
				C1C894F5121B447E0036FAFC /* TapDetectingImageView.h */,
				C1C894F6121B447E0036FAFC /* TapDetectingImageView.m */,
				C115FC2A12174FA1005D0B77 /* GuideImageViewController.h */,
				C115FC2B12174FA1005D0B77 /* GuideImageViewController.m */,
			);
			name = "Image View";
			sourceTree = "<group>";
		};
		C1C89684121B5CCD0036FAFC /* Guide View */ = {
			isa = PBXGroup;
			children = (
				DABE9CF413C54D2200B778FE /* GuideView.xib */,
				C184D4C51210CDB900953C39 /* GuideView~ipad.xib */,
				C184D5371210D8CD00953C39 /* GuideIntroView~ipad.xib */,
				C184D4C41210CDB900953C39 /* GuideViewController.swift */,
				C184D5361210D8CD00953C39 /* GuideIntroViewController.swift */,
				DABE9CF613C5519800B778FE /* GuideIntroViewController.xib */,
				C1D9814E120E09BA00509D18 /* GuideStepViewController.swift */,
				DACE7FF1165722710013FFFD /* GuideStepViewController.xib */,
				DAAAC7491433F43C00CB90AF /* GuideStepViewController~ipad.xib */,
				DA3DE74B134CF57000AD5050 /* GuideBookmarker.swift */,
			);
			name = "Guide View";
			sourceTree = "<group>";
		};
		DA59293413FB250800504CD3 /* Dozuki */ = {
			isa = PBXGroup;
			children = (
				DA59293513FB253B00504CD3 /* DozukiSplashViewController.h */,
				DA59293613FB253B00504CD3 /* DozukiSplashViewController.m */,
				DA9948A9142AC55D00E4167D /* DozukiSplashView.xib */,
				DA59293713FB253B00504CD3 /* DozukiSplashView~ipad.xib */,
				DA59296C13FB28B600504CD3 /* DozukiInfoViewController.h */,
				DA59296D13FB28B600504CD3 /* DozukiInfoViewController.m */,
				DA59296E13FB28B600504CD3 /* DozukiInfoView.xib */,
				DA59297113FB2ED800504CD3 /* DozukiSelectSiteViewController.h */,
				DA59297213FB2ED800504CD3 /* DozukiSelectSiteViewController.m */,
				DA59297313FB2ED800504CD3 /* DozukiSelectSiteViewController.xib */,
			);
			name = Dozuki;
			sourceTree = "<group>";
		};
		DA8860DE1427DD490030F52C /* SVWebViewController */ = {
			isa = PBXGroup;
			children = (
				DA8860DF1427DD490030F52C /* SVWebViewController.bundle */,
				DA8860E01427DD490030F52C /* SVWebViewController.h */,
				DA8860E11427DD490030F52C /* SVWebViewController.m */,
			);
			name = SVWebViewController;
			path = SVWebViewController/SVWebViewController;
			sourceTree = SOURCE_ROOT;
		};
		DA8F60001469B25B00482D29 /* GridViewController */ = {
			isa = PBXGroup;
			children = (
				DA8F60011469B29700482D29 /* DMPGridViewCell.h */,
				DA8F60021469B29700482D29 /* DMPGridViewCell.m */,
				DA8F60031469B29700482D29 /* DMPGridViewController.h */,
				DA8F60041469B29700482D29 /* DMPGridViewController.m */,
				DA8F60051469B29700482D29 /* DMPGridViewDelegate.h */,
			);
			name = GridViewController;
			sourceTree = "<group>";
		};
		DAA7507E1368DA87002AA546 /* wbprogresshud */ = {
			isa = PBXGroup;
			children = (
				DAA7507F1368DA87002AA546 /* WBFont.h */,
				DAA750801368DA87002AA546 /* WBFont.mm */,
				DAA750811368DA87002AA546 /* WBGeometry.h */,
				DAA750821368DA87002AA546 /* WBProgressHUD.h */,
				DAA750831368DA87002AA546 /* WBProgressHUD.mm */,
				DAA750841368DA87002AA546 /* WBView.h */,
				DAA750851368DA87002AA546 /* WBView.mm */,
				DAA750861368DA87002AA546 /* WBViewRect.h */,
				DAA750871368DA87002AA546 /* WBViewRect.mm */,
			);
			path = wbprogresshud;
			sourceTree = "<group>";
		};
		DAAED15B146870E800C476C1 /* Featured Collections */ = {
			isa = PBXGroup;
			children = (
				DA8F60001469B25B00482D29 /* GridViewController */,
				DAAED15614686A2D00C476C1 /* FeaturedViewController.h */,
				DAAED15714686A2D00C476C1 /* FeaturedViewController.m */,
				DAAED15D1468710C00C476C1 /* PastFeaturesViewController.swift */,
				DA8F60081469F8E600482D29 /* PastFeaturesViewDelegate.h */,
			);
			name = "Featured Collections";
			sourceTree = "<group>";
		};
		DAC88AD51427E10B00D33C00 /* Packages */ = {
			isa = PBXGroup;
			children = (
				C0538CC61BBE9C190031B35D /* SDWebImage */,
				DA8860DE1427DD490030F52C /* SVWebViewController */,
				DAA7507E1368DA87002AA546 /* wbprogresshud */,
			);
			name = Packages;
			sourceTree = "<group>";
		};
		DACD8FD414DDD7970020A06C /* Login */ = {
			isa = PBXGroup;
			children = (
				DAB93439137228AD00B6AA9A /* LoginViewController.swift */,
				DAD77267138EAC4F00D107B8 /* LoginViewControllerDelegate.h */,
				DA58CB3314EA17F400A2CBAB /* LoginBackgroundViewController.swift */,
				DACD8FD614DDD7B80020A06C /* OpenIDViewController.swift */,
				DA9B290614E88E640093273B /* SSOViewController.swift */,
			);
			name = Login;
			sourceTree = "<group>";
		};
		DACE446C1353CE3700F78360 /* css */ = {
			isa = PBXGroup;
			children = (
				DACE446D1353CE3700F78360 /* ifixit_intro.css */,
				9CE6783C1838706F001912DF /* accustream_intro.css */,
				9CE6783E18387080001912DF /* accustream_step.css */,
				DACE446E1353CE3700F78360 /* ifixit_step.css */,
				AB4926A3175FF6200092E4B6 /* category_more_info_ipad.css */,
				ABE51913177B77F400E9555E /* category_more_info_iphone.css */,
				ABA8FC49177AA909000B5E74 /* category_answers.css */,
				DACE446F1353CE3700F78360 /* make_intro.css */,
				DACE44701353CE3700F78360 /* make_step.css */,
			);
			path = css;
			sourceTree = "<group>";
		};
		DACE7FF6165728010013FFFD /* Media Types */ = {
			isa = PBXGroup;
			children = (
				C0538CE51BC03E000031B35D /* GuideEmbed.swift */,
				C0538CEB1BC045510031B35D /* GuideImage.swift */,
				C0538CE91BC043F50031B35D /* GuideVideo.swift */,
			);
			name = "Media Types";
			sourceTree = "<group>";
		};
		DAF3AF511422881B00913238 /* Navigation */ = {
			isa = PBXGroup;
			children = (
				ABB84A69177F591200C58514 /* ListViewController.swift */,
				ABE38C981773B9AC00777F60 /* CategoryTabBarViewController.swift */,
				ABE38C991773B9AC00777F60 /* CategoryTabBarViewController.xib */,
				DA666AF11360E2A4002B1D62 /* GuideCatchingWebView.h */,
				DA666AF21360E2A4002B1D62 /* GuideCatchingWebView.m */,
				ABDB16C11756AE2C00053573 /* CategoryWebViewController.h */,
				ABDB16C21756AE2C00053573 /* CategoryWebViewController.m */,
				ABDB16C31756AE2D00053573 /* CategoryWebViewController.xib */,
				28042007108E984D000629CD /* CategoriesViewController.h */,
				28042008108E984D000629CD /* CategoriesViewController.m */,
				DAAAC74B1433F49000CB90AF /* CategoriesViewController.xib */,
				DAF3AF551422897900913238 /* iPhoneDeviceViewController.swift */,
				DAF3AF561422897900913238 /* iPhoneDeviceViewController.xib */,
				DAF3AF601422AF4800913238 /* GuideCell.h */,
				DAF3AF611422AF4800913238 /* GuideCell.m */,
				9CE678391837F146001912DF /* SearchCell.h */,
				9CE6783A1837F146001912DF /* SearchCell.m */,
			);
			name = Navigation;
			sourceTree = "<group>";
		};
/* End PBXGroup section */

/* Begin PBXNativeTarget section */
		1D6058900D05DD3D006BFB54 /* iFixit */ = {
			isa = PBXNativeTarget;
			buildConfigurationList = 1D6058960D05DD3E006BFB54 /* Build configuration list for PBXNativeTarget "iFixit" */;
			buildPhases = (
				6DAA79E961574847B3059BB7 /* Check Pods Manifest.lock */,
				1D60588D0D05DD3D006BFB54 /* Resources */,
				1D60588E0D05DD3D006BFB54 /* Sources */,
				1D60588F0D05DD3D006BFB54 /* Frameworks */,
				58371555D0BB4407AA5E5015 /* Copy Pods Resources */,
				4BB92FCF0DD9A220FE37C885 /* Embed Pods Frameworks */,
			);
			buildRules = (
			);
			dependencies = (
			);
			name = iFixit;
			productName = iFixit;
			productReference = 1D6058910D05DD3D006BFB54 /* iFixit.app */;
			productType = "com.apple.product-type.application";
		};
/* End PBXNativeTarget section */

/* Begin PBXProject section */
		29B97313FDCFA39411CA2CEA /* Project object */ = {
			isa = PBXProject;
			attributes = {
				LastSwiftUpdateCheck = 0700;
				LastUpgradeCheck = 0510;
				TargetAttributes = {
					1D6058900D05DD3D006BFB54 = {
						DevelopmentTeam = G5Y57M9E28;
					};
				};
			};
			buildConfigurationList = C01FCF4E08A954540054247B /* Build configuration list for PBXProject "iFixit" */;
			compatibilityVersion = "Xcode 3.2";
			developmentRegion = English;
			hasScannedForEncodings = 1;
			knownRegions = (
				English,
				Japanese,
				French,
				German,
				en,
				fr,
				de,
				es,
				Base,
			);
			mainGroup = 29B97314FDCFA39411CA2CEA /* CustomTemplate */;
			projectDirPath = "";
			projectRoot = "";
			targets = (
				1D6058900D05DD3D006BFB54 /* iFixit */,
			);
		};
/* End PBXProject section */

/* Begin PBXResourcesBuildPhase section */
		1D60588D0D05DD3D006BFB54 /* Resources */ = {
			isa = PBXResourcesBuildPhase;
			buildActionMask = 2147483647;
			files = (
				28AD73600D9D9599002E5188 /* MainWindow-iPad.xib in Resources */,
				C184D4C71210CDB900953C39 /* GuideView~ipad.xib in Resources */,
				C184D5391210D8CD00953C39 /* GuideIntroView~ipad.xib in Resources */,
				DA3E3E3B133C1A8E0070615F /* MainWindow.xib in Resources */,
				DA881858134A5AFE004387CE /* BookmarksView.xib in Resources */,
				DACE44711353CE3700F78360 /* ifixit_intro.css in Resources */,
				DACE44721353CE3700F78360 /* ifixit_step.css in Resources */,
				DACE44731353CE3700F78360 /* make_intro.css in Resources */,
				DACE44741353CE3700F78360 /* make_step.css in Resources */,
				DABE9CF513C54D2200B778FE /* GuideView.xib in Resources */,
				DABE9CF713C5519800B778FE /* GuideIntroViewController.xib in Resources */,
				DA59293913FB253B00504CD3 /* DozukiSplashView~ipad.xib in Resources */,
				DA59297013FB28B600504CD3 /* DozukiInfoView.xib in Resources */,
				DA59297513FB2ED800504CD3 /* DozukiSelectSiteViewController.xib in Resources */,
				DAF3AF581422897900913238 /* iPhoneDeviceViewController.xib in Resources */,
				DA8860E21427DD490030F52C /* SVWebViewController.bundle in Resources */,
				DA9948AA142AC55D00E4167D /* DozukiSplashView.xib in Resources */,
				DAAAC74A1433F43C00CB90AF /* GuideStepViewController~ipad.xib in Resources */,
				DAAAC74D1433F49300CB90AF /* CategoriesViewController.xib in Resources */,
				DAC0C1A7146B49AA00EF42DC /* Lobster.ttf in Resources */,
				C0538CD61BBE9C190031B35D /* LICENSE in Resources */,
				DAB26972146C96A2000D3A7A /* Ubuntu-Italic.ttf in Resources */,
				DA3562AD1477254500683947 /* Ubuntu-BoldItalic.ttf in Resources */,
				9CE6783F18387080001912DF /* accustream_step.css in Resources */,
				9CE6783D1838706F001912DF /* accustream_intro.css in Resources */,
				DACE7FF2165722710013FFFD /* GuideStepViewController.xib in Resources */,
				ABE472431746E0610002F3D6 /* Localizable.strings in Resources */,
				ABDB16C51756AE2D00053573 /* CategoryWebViewController.xib in Resources */,
				AB4926A4175FF6200092E4B6 /* category_more_info_ipad.css in Resources */,
				ABE38C9B1773B9AC00777F60 /* CategoryTabBarViewController.xib in Resources */,
				ABA8FC4A177AA90A000B5E74 /* category_answers.css in Resources */,
				C0538CE21BC0244A0031B35D /* Default-568h@2x.png in Resources */,
				ABE51914177B77F400E9555E /* category_more_info_iphone.css in Resources */,
				C06E55C21BCB393300D5D0C6 /* Main.storyboard in Resources */,
				AB324BB1179473680001E29D /* iFixitSplashScreenViewController.xib in Resources */,
				AB26882217CD5AA6004AC6ED /* OpenSans-Bold.ttf in Resources */,
				AB26882317CD5AA6004AC6ED /* OpenSans-Regular.ttf in Resources */,
				9C67A6C417E7A9040079C099 /* iFixit-App-Id.plist in Resources */,
				C0538CE01BC011A50031B35D /* Images.xcassets in Resources */,
			);
			runOnlyForDeploymentPostprocessing = 0;
		};
/* End PBXResourcesBuildPhase section */

/* Begin PBXShellScriptBuildPhase section */
		4BB92FCF0DD9A220FE37C885 /* Embed Pods Frameworks */ = {
			isa = PBXShellScriptBuildPhase;
			buildActionMask = 2147483647;
			files = (
			);
			inputPaths = (
			);
			name = "Embed Pods Frameworks";
			outputPaths = (
			);
			runOnlyForDeploymentPostprocessing = 0;
			shellPath = /bin/sh;
			shellScript = "\"${SRCROOT}/Pods/Target Support Files/Pods/Pods-frameworks.sh\"\n";
			showEnvVarsInLog = 0;
		};
		58371555D0BB4407AA5E5015 /* Copy Pods Resources */ = {
			isa = PBXShellScriptBuildPhase;
			buildActionMask = 2147483647;
			files = (
			);
			inputPaths = (
			);
			name = "Copy Pods Resources";
			outputPaths = (
			);
			runOnlyForDeploymentPostprocessing = 0;
			shellPath = /bin/sh;
			shellScript = "\"${SRCROOT}/Pods/Target Support Files/Pods/Pods-resources.sh\"\n";
			showEnvVarsInLog = 0;
		};
		6DAA79E961574847B3059BB7 /* Check Pods Manifest.lock */ = {
			isa = PBXShellScriptBuildPhase;
			buildActionMask = 2147483647;
			files = (
			);
			inputPaths = (
			);
			name = "Check Pods Manifest.lock";
			outputPaths = (
			);
			runOnlyForDeploymentPostprocessing = 0;
			shellPath = /bin/sh;
			shellScript = "diff \"${PODS_ROOT}/../Podfile.lock\" \"${PODS_ROOT}/Manifest.lock\" > /dev/null\nif [[ $? != 0 ]] ; then\n    cat << EOM\nerror: The sandbox is not in sync with the Podfile.lock. Run 'pod install' or update your CocoaPods installation.\nEOM\n    exit 1\nfi\n";
			showEnvVarsInLog = 0;
		};
/* End PBXShellScriptBuildPhase section */

/* Begin PBXSourcesBuildPhase section */
		1D60588E0D05DD3D006BFB54 /* Sources */ = {
			isa = PBXSourcesBuildPhase;
			buildActionMask = 2147483647;
			files = (
				C0538CE41BC028650031B35D /* GuideStepLine.swift in Sources */,
				9C1A1983189735C3003E79F0 /* GuideLib.m in Sources */,
				2804200B108E984D000629CD /* CategoriesViewController.m in Sources */,
				C0538CEE1BC047E00031B35D /* Guide.swift in Sources */,
				C10F271A120CE6980027A28D /* iFixitAPI.swift in Sources */,
				9CE6783B1837F146001912DF /* SearchCell.m in Sources */,
				C0538CD91BBE9C190031B35D /* SDWebImageDownloader.m in Sources */,
				C1D98150120E09BA00509D18 /* GuideStepViewController.swift in Sources */,
				C0538CDA1BBE9C190031B35D /* SDWebImageManager.m in Sources */,
				C184D4C61210CDB900953C39 /* GuideViewController.swift in Sources */,
				C184D5381210D8CD00953C39 /* GuideIntroViewController.swift in Sources */,
				C115FC2D12174FA1005D0B77 /* GuideImageViewController.m in Sources */,
				C1C894F7121B447E0036FAFC /* TapDetectingImageView.m in Sources */,
				DA2F767012FB87D900683D33 /* Config.m in Sources */,
				DA881857134A5AFE004387CE /* BookmarksViewController.m in Sources */,
				DA3DE74C134CF57000AD5050 /* GuideBookmarker.swift in Sources */,
				DAF0C6D3134E62BF003B4DF6 /* GuideBookmarks.swift in Sources */,
				C0538CDB1BBE9C190031B35D /* UIButton+WebCache.m in Sources */,
				DA666AF31360E2A4002B1D62 /* GuideCatchingWebView.m in Sources */,
				DAA750881368DA87002AA546 /* WBFont.mm in Sources */,
				DAA750891368DA87002AA546 /* WBProgressHUD.mm in Sources */,
				DAA7508A1368DA87002AA546 /* WBView.mm in Sources */,
				DAA7508B1368DA87002AA546 /* WBViewRect.mm in Sources */,
				C0538CEA1BC043F50031B35D /* GuideVideo.swift in Sources */,
				DAB9343A137228AD00B6AA9A /* LoginViewController.swift in Sources */,
				DA05677B138D976600660C86 /* User.swift in Sources */,
				C0538CDC1BBE9C190031B35D /* UIImageView+WebCache.m in Sources */,
				C0538CEC1BC045510031B35D /* GuideImage.swift in Sources */,
				DA59293813FB253B00504CD3 /* DozukiSplashViewController.m in Sources */,
				DA59296F13FB28B600504CD3 /* DozukiInfoViewController.m in Sources */,
				DA59297413FB2ED800504CD3 /* DozukiSelectSiteViewController.m in Sources */,
				C0D569131BBE2C7600B50651 /* iFixitAppDelegate.swift in Sources */,
				DAF3AF571422897900913238 /* iPhoneDeviceViewController.swift in Sources */,
				9CA4756718CAFEF3005AFE08 /* Utility.swift in Sources */,
				DAF3AF621422AF4800913238 /* GuideCell.m in Sources */,
				C0538CE61BC03E000031B35D /* GuideEmbed.swift in Sources */,
				DA8860E31427DD490030F52C /* SVWebViewController.m in Sources */,
				DAAED15914686A2D00C476C1 /* FeaturedViewController.m in Sources */,
				DAAED15E1468710C00C476C1 /* PastFeaturesViewController.swift in Sources */,
				C0538CD81BBE9C190031B35D /* SDImageCache.m in Sources */,
				DA8F60061469B29700482D29 /* DMPGridViewCell.m in Sources */,
				DA8F60071469B29700482D29 /* DMPGridViewController.m in Sources */,
				DA1977221473009A00CD6305 /* DetailGridViewController.m in Sources */,
				DACD8FD714DDD7B80020A06C /* OpenIDViewController.swift in Sources */,
				DA9B290714E88E650093273B /* SSOViewController.swift in Sources */,
				DA58CB3414EA17F400A2CBAB /* LoginBackgroundViewController.swift in Sources */,
				ABDB16C41756AE2D00053573 /* CategoryWebViewController.m in Sources */,
				ABE38C9A1773B9AC00777F60 /* CategoryTabBarViewController.swift in Sources */,
				C0538CE81BC03FE70031B35D /* GuideStep.swift in Sources */,
				ABB84A6A177F591200C58514 /* ListViewController.swift in Sources */,
				ABE00C43178BE34F006FD574 /* CategoriesSingleton.m in Sources */,
				AB324BB0179473680001E29D /* iFixitSplashScreenViewController.swift in Sources */,
			);
			runOnlyForDeploymentPostprocessing = 0;
		};
/* End PBXSourcesBuildPhase section */

/* Begin PBXVariantGroup section */
		ABE472451746E0610002F3D6 /* Localizable.strings */ = {
			isa = PBXVariantGroup;
			children = (
				ABE472441746E0610002F3D6 /* en */,
				ABE472461746E0750002F3D6 /* fr */,
				AB8805EA1750459300CD5281 /* de */,
				AB8805EB1750459800CD5281 /* es */,
			);
			name = Localizable.strings;
			sourceTree = "<group>";
		};
		C06E55C01BCB393300D5D0C6 /* Main.storyboard */ = {
			isa = PBXVariantGroup;
			children = (
				C06E55C11BCB393300D5D0C6 /* Base */,
			);
			name = Main.storyboard;
			sourceTree = "<group>";
		};
/* End PBXVariantGroup section */

/* Begin XCBuildConfiguration section */
		1D6058940D05DD3E006BFB54 /* Debug */ = {
			isa = XCBuildConfiguration;
			baseConfigurationReference = BF0DDDCD8B0CEA836EDBD8B0 /* Pods.debug.xcconfig */;
			buildSettings = {
				ALWAYS_SEARCH_USER_PATHS = NO;
				ASSETCATALOG_COMPILER_APPICON_NAME = AppIcon;
				ASSETCATALOG_COMPILER_LAUNCHIMAGE_NAME = LaunchImage;
				CLANG_ENABLE_MODULES = YES;
				CLANG_ENABLE_OBJC_ARC = YES;
				CODE_SIGN_ENTITLEMENTS = Entitlements.plist;
				CODE_SIGN_IDENTITY = "iPhone Distribution: iFixit (G5Y57M9E28)";
				"CODE_SIGN_IDENTITY[sdk=iphoneos*]" = "iPhone Distribution: iFixit (G5Y57M9E28)";
				COPY_PHASE_STRIP = NO;
				FRAMEWORK_SEARCH_PATHS = (
					"$(inherited)",
					"/Users/BaseInfinity/Desktop/iFixit-iOS/iFixit-iOS",
				);
				GCC_DYNAMIC_NO_PIC = NO;
				GCC_OPTIMIZATION_LEVEL = 0;
				GCC_PRECOMPILE_PREFIX_HEADER = YES;
				GCC_PREFIX_HEADER = iFixit_Prefix.pch;
				GCC_THUMB_SUPPORT = NO;
				GCC_VERSION = com.apple.compilers.llvm.clang.1_0;
				HEADER_SEARCH_PATHS = (
					"$(inherited)/**",
					"$(SDKROOT)/usr/include/libxml2/**",
					"${PODS_ROOT}/Headers/Private/MGSplitViewController",
					"${PODS_ROOT}/Headers/Private/ZBarSDK",
				);
				INFOPLIST_FILE = "iFixit-Info.plist";
				IPHONEOS_DEPLOYMENT_TARGET = 8.0;
				LD_RUNPATH_SEARCH_PATHS = "$(inherited) @executable_path/Frameworks";
				LIBRARY_SEARCH_PATHS = (
					"$(inherited)",
					"\"$(SRCROOT)/Classes\"",
					"$(PROJECT_DIR)/Classes",
					"$(PROJECT_DIR)/Pods/GoogleAnalytics-iOS-SDK",
					"$(PROJECT_DIR)",
				);
				ONLY_ACTIVE_ARCH = YES;
				OTHER_LDFLAGS = "$(inherited)";
				PRODUCT_NAME = iFixit;
				PROVISIONING_PROFILE = "";
				SWIFT_OBJC_BRIDGING_HEADER = "Classes/iFixit-Bridging-Header.h";
				SWIFT_OPTIMIZATION_LEVEL = "-Onone";
				TARGETED_DEVICE_FAMILY = "1,2";
				VALIDATE_PRODUCT = NO;
				VALID_ARCHS = "arm64 armv7 armv7s";
			};
			name = Debug;
		};
		1D6058950D05DD3E006BFB54 /* Release */ = {
			isa = XCBuildConfiguration;
			baseConfigurationReference = 957C51BCFD710BB69E045663 /* Pods.release.xcconfig */;
			buildSettings = {
				ALWAYS_SEARCH_USER_PATHS = NO;
				ASSETCATALOG_COMPILER_APPICON_NAME = AppIcon;
				ASSETCATALOG_COMPILER_LAUNCHIMAGE_NAME = LaunchImage;
				CLANG_ENABLE_MODULES = YES;
				CLANG_ENABLE_OBJC_ARC = YES;
				CODE_SIGN_ENTITLEMENTS = Entitlements.plist;
				CODE_SIGN_IDENTITY = "iPhone Distribution: iFixit (G5Y57M9E28)";
				"CODE_SIGN_IDENTITY[sdk=iphoneos*]" = "iPhone Distribution: iFixit (G5Y57M9E28)";
				COPY_PHASE_STRIP = YES;
				FRAMEWORK_SEARCH_PATHS = (
					"$(inherited)",
					"/Users/BaseInfinity/Desktop/iFixit-iOS/iFixit-iOS",
				);
				GCC_PRECOMPILE_PREFIX_HEADER = YES;
				GCC_PREFIX_HEADER = iFixit_Prefix.pch;
				GCC_THUMB_SUPPORT = NO;
				GCC_VERSION = com.apple.compilers.llvm.clang.1_0;
				HEADER_SEARCH_PATHS = (
					"$(inherited)/**",
					"$(SDKROOT)/usr/include/libxml2/**",
					"${PODS_ROOT}/Headers/Private/MGSplitViewController",
					"${PODS_ROOT}/Headers/Private/ZBarSDK",
				);
				INFOPLIST_FILE = "iFixit-Info.plist";
				IPHONEOS_DEPLOYMENT_TARGET = 8.0;
				LD_RUNPATH_SEARCH_PATHS = "$(inherited) @executable_path/Frameworks";
				LIBRARY_SEARCH_PATHS = (
					"$(inherited)",
					"\"$(SRCROOT)/Classes\"",
					"$(PROJECT_DIR)/Classes",
					"$(PROJECT_DIR)/Pods/GoogleAnalytics-iOS-SDK",
					"$(PROJECT_DIR)",
				);
				ONLY_ACTIVE_ARCH = YES;
				OTHER_LDFLAGS = "$(inherited)";
				PRODUCT_NAME = iFixit;
				PROVISIONING_PROFILE = "";
				SWIFT_OBJC_BRIDGING_HEADER = "Classes/iFixit-Bridging-Header.h";
				TARGETED_DEVICE_FAMILY = "1,2";
				VALIDATE_PRODUCT = YES;
				VALID_ARCHS = "arm64 armv7 armv7s";
			};
			name = Release;
		};
		C01FCF4F08A954540054247B /* Debug */ = {
			isa = XCBuildConfiguration;
			buildSettings = {
				ARCHS = (
					arm64,
					armv7,
					armv6,
				);
				CODE_SIGN_ENTITLEMENTS = Entitlements.plist;
				CODE_SIGN_IDENTITY = "iPhone Distribution: iFixit (G5Y57M9E28)";
				"CODE_SIGN_IDENTITY[sdk=iphoneos*]" = "iPhone Distribution: iFixit (G5Y57M9E28)";
				GCC_C_LANGUAGE_STANDARD = c99;
				GCC_GENERATE_DEBUGGING_SYMBOLS = YES;
				GCC_WARN_ABOUT_MISSING_PROTOTYPES = YES;
				GCC_WARN_ABOUT_RETURN_TYPE = YES;
				GCC_WARN_UNUSED_VARIABLE = YES;
				IPHONEOS_DEPLOYMENT_TARGET = 8.0;
				ONLY_ACTIVE_ARCH = NO;
				OTHER_CODE_SIGN_FLAGS = "";
				OTHER_LDFLAGS = (
					"$(inherited)",
					"-ObjC",
				);
				PRODUCT_NAME = "";
				PROVISIONING_PROFILE = "5c65c83d-9936-4a62-9dda-9c8196bdb654";
				"PROVISIONING_PROFILE[sdk=iphoneos*]" = "5c65c83d-9936-4a62-9dda-9c8196bdb654";
				SDKROOT = iphoneos;
				TARGETED_DEVICE_FAMILY = "1,2";
				VALID_ARCHS = "arm64 armv7 armv7s";
			};
			name = Debug;
		};
		C01FCF5008A954540054247B /* Release */ = {
			isa = XCBuildConfiguration;
			buildSettings = {
				ARCHS = (
					arm64,
					armv7,
					armv6,
				);
				CODE_SIGN_ENTITLEMENTS = Entitlements.plist;
				CODE_SIGN_IDENTITY = "iPhone Distribution: iFixit (G5Y57M9E28)";
				"CODE_SIGN_IDENTITY[sdk=iphoneos*]" = "iPhone Distribution: iFixit (G5Y57M9E28)";
				GCC_C_LANGUAGE_STANDARD = c99;
				GCC_WARN_ABOUT_MISSING_PROTOTYPES = YES;
				GCC_WARN_ABOUT_RETURN_TYPE = YES;
				GCC_WARN_UNUSED_VARIABLE = YES;
				IPHONEOS_DEPLOYMENT_TARGET = 8.0;
				ONLY_ACTIVE_ARCH = NO;
				OTHER_CFLAGS = "-DNS_BLOCK_ASSERTIONS=1";
				OTHER_LDFLAGS = (
					"$(inherited)",
					"-ObjC",
				);
				PROVISIONING_PROFILE = "5c65c83d-9936-4a62-9dda-9c8196bdb654";
				"PROVISIONING_PROFILE[sdk=iphoneos*]" = "5c65c83d-9936-4a62-9dda-9c8196bdb654";
				SDKROOT = iphoneos;
				TARGETED_DEVICE_FAMILY = "1,2";
				VALID_ARCHS = "arm64 armv7 armv7s";
			};
			name = Release;
		};
		C1523E28120E382D007E8DD8 /* Ad-Hoc */ = {
			isa = XCBuildConfiguration;
			buildSettings = {
				ARCHS = (
					arm64,
					armv7,
					armv6,
				);
				CODE_SIGN_ENTITLEMENTS = Entitlements.plist;
				CODE_SIGN_IDENTITY = "iPhone Distribution: iFixit (G5Y57M9E28)";
				"CODE_SIGN_IDENTITY[sdk=iphoneos*]" = "iPhone Distribution: iFixit (G5Y57M9E28)";
				GCC_C_LANGUAGE_STANDARD = c99;
				GCC_WARN_ABOUT_MISSING_PROTOTYPES = YES;
				GCC_WARN_ABOUT_RETURN_TYPE = YES;
				GCC_WARN_UNUSED_VARIABLE = YES;
				IPHONEOS_DEPLOYMENT_TARGET = 8.0;
				OTHER_CODE_SIGN_FLAGS = "";
				OTHER_LDFLAGS = (
					"$(inherited)",
					"-ObjC",
				);
				PROVISIONING_PROFILE = "5c65c83d-9936-4a62-9dda-9c8196bdb654";
				"PROVISIONING_PROFILE[sdk=iphoneos*]" = "5c65c83d-9936-4a62-9dda-9c8196bdb654";
				SDKROOT = iphoneos;
				TARGETED_DEVICE_FAMILY = "1,2";
				VALID_ARCHS = "arm64 armv7 armv7s";
			};
			name = "Ad-Hoc";
		};
		C1523E29120E382D007E8DD8 /* Ad-Hoc */ = {
			isa = XCBuildConfiguration;
			baseConfigurationReference = E353F8DB6E6C89DA7ADE25F5 /* Pods.ad-hoc.xcconfig */;
			buildSettings = {
				ALWAYS_SEARCH_USER_PATHS = NO;
				ASSETCATALOG_COMPILER_APPICON_NAME = AppIcon;
				ASSETCATALOG_COMPILER_LAUNCHIMAGE_NAME = LaunchImage;
				CLANG_ENABLE_MODULES = YES;
				CLANG_ENABLE_OBJC_ARC = YES;
				CODE_SIGN_ENTITLEMENTS = Entitlements.plist;
				CODE_SIGN_IDENTITY = "iPhone Distribution: iFixit (G5Y57M9E28)";
				"CODE_SIGN_IDENTITY[sdk=iphoneos*]" = "iPhone Distribution: iFixit (G5Y57M9E28)";
				COPY_PHASE_STRIP = NO;
				FRAMEWORK_SEARCH_PATHS = (
					"$(inherited)",
					"/Users/BaseInfinity/Desktop/iFixit-iOS/iFixit-iOS",
				);
				GCC_DYNAMIC_NO_PIC = NO;
				GCC_OPTIMIZATION_LEVEL = 0;
				GCC_PRECOMPILE_PREFIX_HEADER = YES;
				GCC_PREFIX_HEADER = iFixit_Prefix.pch;
				GCC_THUMB_SUPPORT = NO;
				GCC_VERSION = com.apple.compilers.llvm.clang.1_0;
				HEADER_SEARCH_PATHS = (
					"$(inherited)/**",
					"$(SDKROOT)/usr/include/libxml2/**",
					"${PODS_ROOT}/Headers/Private/MGSplitViewController",
					"${PODS_ROOT}/Headers/Private/ZBarSDK",
				);
				INFOPLIST_FILE = "iFixit-Info.plist";
				IPHONEOS_DEPLOYMENT_TARGET = 8.0;
				LD_RUNPATH_SEARCH_PATHS = "$(inherited) @executable_path/Frameworks";
				LIBRARY_SEARCH_PATHS = (
					"$(inherited)",
					"\"$(SRCROOT)/Classes\"",
					"$(PROJECT_DIR)/Classes",
					"$(PROJECT_DIR)/Pods/GoogleAnalytics-iOS-SDK",
					"$(PROJECT_DIR)",
				);
				ONLY_ACTIVE_ARCH = YES;
				OTHER_LDFLAGS = "$(inherited)";
				PRODUCT_NAME = iFixit;
				PROVISIONING_PROFILE = "";
				SWIFT_OBJC_BRIDGING_HEADER = "Classes/iFixit-Bridging-Header.h";
				SWIFT_OPTIMIZATION_LEVEL = "-Onone";
				TARGETED_DEVICE_FAMILY = "1,2";
				VALIDATE_PRODUCT = NO;
				VALID_ARCHS = "arm64 armv7 armv7s";
			};
			name = "Ad-Hoc";
		};
/* End XCBuildConfiguration section */

/* Begin XCConfigurationList section */
		1D6058960D05DD3E006BFB54 /* Build configuration list for PBXNativeTarget "iFixit" */ = {
			isa = XCConfigurationList;
			buildConfigurations = (
				1D6058940D05DD3E006BFB54 /* Debug */,
				C1523E29120E382D007E8DD8 /* Ad-Hoc */,
				1D6058950D05DD3E006BFB54 /* Release */,
			);
			defaultConfigurationIsVisible = 0;
			defaultConfigurationName = Release;
		};
		C01FCF4E08A954540054247B /* Build configuration list for PBXProject "iFixit" */ = {
			isa = XCConfigurationList;
			buildConfigurations = (
				C01FCF4F08A954540054247B /* Debug */,
				C1523E28120E382D007E8DD8 /* Ad-Hoc */,
				C01FCF5008A954540054247B /* Release */,
			);
			defaultConfigurationIsVisible = 0;
			defaultConfigurationName = Release;
		};
/* End XCConfigurationList section */
	};
	rootObject = 29B97313FDCFA39411CA2CEA /* Project object */;
}
